
Microsoft Visual Studio Solution File, Format Version 12.00
# Visual Studio 14
VisualStudioVersion = 14.0.25420.1
MinimumVisualStudioVersion = 10.0.40219.1
Project("{2150E333-8FDC-42A3-9474-1A3956D46DE8}") = "Repositories", "Repositories", "{F888FDA1-6E3C-46AB-9632-C1C5701D4922}"
EndProject
Project("{2150E333-8FDC-42A3-9474-1A3956D46DE8}") = "UI", "UI", "{DACB327C-4945-4748-88ED-701108854AE6}"
EndProject
Project("{2150E333-8FDC-42A3-9474-1A3956D46DE8}") = "WebServices", "WebServices", "{9BB339BF-AC6F-4ECA-9338-D7379FC57849}"
EndProject
Project("{FAE04EC0-301F-11D3-BF4B-00C04F79EFBC}") = "EPTS.Repositories.WebServices.WebAPI", "Repositories\WebServices\EPTS.Repositories.WebServices.WebAPI\EPTS.Repositories.WebServices.WebAPI.csproj", "{548F6D68-77BE-4CCD-8484-BE7D100A7868}"
EndProject
Project("{2150E333-8FDC-42A3-9474-1A3956D46DE8}") = "XML", "XML", "{2A48464B-6AA9-43CF-B995-995C2897F607}"
EndProject
Project("{FAE04EC0-301F-11D3-BF4B-00C04F79EFBC}") = "EPTS.Repositories.XML.Devices", "Repositories\XML\EPTS.Repositories.XML.Devices\EPTS.Repositories.XML.Devices.csproj", "{96731F0A-E82D-4EC8-A4DE-9D6614F22460}"
EndProject
Project("{FAE04EC0-301F-11D3-BF4B-00C04F79EFBC}") = "Devices", "UI\Devices\Devices.csproj", "{358A1FBA-9410-4175-B8BE-32DA2462DD4E}"
EndProject
Project("{FAE04EC0-301F-11D3-BF4B-00C04F79EFBC}") = "EPTS.UI.Web", "UI\EPTS.UI.Web\EPTS.UI.Web.csproj", "{DEEB068B-D5C7-4659-98D6-A345AE757F93}"
EndProject
Project("{FAE04EC0-301F-11D3-BF4B-00C04F79EFBC}") = "EPTS.UI.WPF", "UI\EPTS.UI.WPF\EPTS.UI.WPF.csproj", "{98BFDBF7-778E-4123-844D-B09E7E2A8043}"
EndProject
Global
	GlobalSection(SolutionConfigurationPlatforms) = preSolution
		Debug|Any CPU = Debug|Any CPU
		Release|Any CPU = Release|Any CPU
	EndGlobalSection
	GlobalSection(ProjectConfigurationPlatforms) = postSolution
		{548F6D68-77BE-4CCD-8484-BE7D100A7868}.Debug|Any CPU.ActiveCfg = Debug|Any CPU
		{548F6D68-77BE-4CCD-8484-BE7D100A7868}.Debug|Any CPU.Build.0 = Debug|Any CPU
		{548F6D68-77BE-4CCD-8484-BE7D100A7868}.Release|Any CPU.ActiveCfg = Release|Any CPU
		{548F6D68-77BE-4CCD-8484-BE7D100A7868}.Release|Any CPU.Build.0 = Release|Any CPU
		{96731F0A-E82D-4EC8-A4DE-9D6614F22460}.Debug|Any CPU.ActiveCfg = Debug|Any CPU
		{96731F0A-E82D-4EC8-A4DE-9D6614F22460}.Debug|Any CPU.Build.0 = Debug|Any CPU
		{96731F0A-E82D-4EC8-A4DE-9D6614F22460}.Release|Any CPU.ActiveCfg = Release|Any CPU
		{96731F0A-E82D-4EC8-A4DE-9D6614F22460}.Release|Any CPU.Build.0 = Release|Any CPU
		{358A1FBA-9410-4175-B8BE-32DA2462DD4E}.Debug|Any CPU.ActiveCfg = Debug|Any CPU
		{358A1FBA-9410-4175-B8BE-32DA2462DD4E}.Debug|Any CPU.Build.0 = Debug|Any CPU
		{358A1FBA-9410-4175-B8BE-32DA2462DD4E}.Release|Any CPU.ActiveCfg = Release|Any CPU
		{358A1FBA-9410-4175-B8BE-32DA2462DD4E}.Release|Any CPU.Build.0 = Release|Any CPU
		{DEEB068B-D5C7-4659-98D6-A345AE757F93}.Debug|Any CPU.ActiveCfg = Debug|Any CPU
		{DEEB068B-D5C7-4659-98D6-A345AE757F93}.Debug|Any CPU.Build.0 = Debug|Any CPU
		{DEEB068B-D5C7-4659-98D6-A345AE757F93}.Release|Any CPU.ActiveCfg = Release|Any CPU
		{DEEB068B-D5C7-4659-98D6-A345AE757F93}.Release|Any CPU.Build.0 = Release|Any CPU
		{98BFDBF7-778E-4123-844D-B09E7E2A8043}.Debug|Any CPU.ActiveCfg = Debug|Any CPU
		{98BFDBF7-778E-4123-844D-B09E7E2A8043}.Debug|Any CPU.Build.0 = Debug|Any CPU
		{98BFDBF7-778E-4123-844D-B09E7E2A8043}.Release|Any CPU.ActiveCfg = Release|Any CPU
		{98BFDBF7-778E-4123-844D-B09E7E2A8043}.Release|Any CPU.Build.0 = Release|Any CPU
	EndGlobalSection
	GlobalSection(SolutionProperties) = preSolution
		HideSolutionNode = FALSE
	EndGlobalSection
	GlobalSection(NestedProjects) = preSolution
		{9BB339BF-AC6F-4ECA-9338-D7379FC57849} = {F888FDA1-6E3C-46AB-9632-C1C5701D4922}
		{548F6D68-77BE-4CCD-8484-BE7D100A7868} = {9BB339BF-AC6F-4ECA-9338-D7379FC57849}
		{2A48464B-6AA9-43CF-B995-995C2897F607} = {F888FDA1-6E3C-46AB-9632-C1C5701D4922}
		{96731F0A-E82D-4EC8-A4DE-9D6614F22460} = {2A48464B-6AA9-43CF-B995-995C2897F607}
		{358A1FBA-9410-4175-B8BE-32DA2462DD4E} = {DACB327C-4945-4748-88ED-701108854AE6}
		{DEEB068B-D5C7-4659-98D6-A345AE757F93} = {DACB327C-4945-4748-88ED-701108854AE6}
		{98BFDBF7-778E-4123-844D-B09E7E2A8043} = {DACB327C-4945-4748-88ED-701108854AE6}
	EndGlobalSection
EndGlobal
