
Microsoft Visual Studio Solution File, Format Version 12.00
# Visual Studio 14
VisualStudioVersion = 14.0.25420.1
MinimumVisualStudioVersion = 10.0.40219.1
Project("{2150E333-8FDC-42A3-9474-1A3956D46DE8}") = "Repositories", "Repositories", "{F888FDA1-6E3C-46AB-9632-C1C5701D4922}"
EndProject
Project("{2150E333-8FDC-42A3-9474-1A3956D46DE8}") = "UI", "UI", "{DACB327C-4945-4748-88ED-701108854AE6}"
EndProject
Project("{2150E333-8FDC-42A3-9474-1A3956D46DE8}") = "WebServices", "WebServices", "{9BB339BF-AC6F-4ECA-9338-D7379FC57849}"
EndProject
Project("{2150E333-8FDC-42A3-9474-1A3956D46DE8}") = "XML", "XML", "{2A48464B-6AA9-43CF-B995-995C2897F607}"
EndProject
Project("{FAE04EC0-301F-11D3-BF4B-00C04F79EFBC}") = "EPTS.Repositories.XML.Devices", "Repositories\XML\EPTS.Repositories.XML.Devices\EPTS.Repositories.XML.Devices.csproj", "{96731F0A-E82D-4EC8-A4DE-9D6614F22460}"
EndProject
Project("{FAE04EC0-301F-11D3-BF4B-00C04F79EFBC}") = "EPTS.Repositories.WebServices.WebAPI", "Repositories\WebServices\EPTS.Repositories.WebServices.WebAPI\EPTS.Repositories.WebServices.WebAPI.csproj", "{548F6D68-77BE-4CCD-8484-BE7D100A7868}"
EndProject
Project("{2150E333-8FDC-42A3-9474-1A3956D46DE8}") = "Class", "Class", "{13622107-2179-4B11-A69D-F6C2B2ADEF91}"
EndProject
Project("{2150E333-8FDC-42A3-9474-1A3956D46DE8}") = "Web App", "Web App", "{DA63A80B-0AFE-40FA-87BB-A194D935441A}"
EndProject
Project("{2150E333-8FDC-42A3-9474-1A3956D46DE8}") = "Desktop App", "Desktop App", "{13E41BDC-6ED8-43BF-9608-A363A1CB3244}"
EndProject
Project("{2150E333-8FDC-42A3-9474-1A3956D46DE8}") = "Mobile App", "Mobile App", "{EBAE7BDE-BDEE-4D41-81CB-722F030A6060}"
EndProject
Project("{FAE04EC0-301F-11D3-BF4B-00C04F79EFBC}") = "Devices", "UI\Class\Devices\Devices.csproj", "{358A1FBA-9410-4175-B8BE-32DA2462DD4E}"
EndProject
Project("{FAE04EC0-301F-11D3-BF4B-00C04F79EFBC}") = "EPTS.UI.ViewModel", "UI\Desktop App\EPTS.UI.ViewModel\EPTS.UI.ViewModel.csproj", "{0499C82C-15F6-4448-8575-19C6758011E6}"
EndProject
Project("{FAE04EC0-301F-11D3-BF4B-00C04F79EFBC}") = "EPTS.UI.WPF", "UI\Desktop App\EPTS.UI.WPF\EPTS.UI.WPF.csproj", "{6A5CB93D-AB85-4F5A-86D8-F1AE28CC0FA0}"
EndProject
Project("{FAE04EC0-301F-11D3-BF4B-00C04F79EFBC}") = "EPTS.UI.Web", "UI\Web App\EPTS.UI.Web\EPTS.UI.Web.csproj", "{DEEB068B-D5C7-4659-98D6-A345AE757F93}"
EndProject
Project("{FAE04EC0-301F-11D3-BF4B-00C04F79EFBC}") = "EPTS.UI.Mobile", "UI\Mobile App\EPTS.UI.Mobile\EPTS.UI.Mobile\EPTS.UI.Mobile.csproj", "{09E4D58E-14C5-469B-BF9C-2EAE6B85FF4A}"
EndProject
Project("{FAE04EC0-301F-11D3-BF4B-00C04F79EFBC}") = "EPTS.UI.Mobile.Droid", "UI\Mobile App\EPTS.UI.Mobile\EPTS.UI.Mobile.Droid\EPTS.UI.Mobile.Droid.csproj", "{8CD568C6-0C07-4B21-9291-51FB39D94269}"
EndProject
Project("{FAE04EC0-301F-11D3-BF4B-00C04F79EFBC}") = "EPTS.UI.Mobile.iOS", "UI\Mobile App\EPTS.UI.Mobile\EPTS.UI.Mobile.iOS\EPTS.UI.Mobile.iOS.csproj", "{2416E1E7-08F1-4312-A962-A767964ED22F}"
EndProject
Project("{FAE04EC0-301F-11D3-BF4B-00C04F79EFBC}") = "EPTS.UI.Mobile.WinPhone", "UI\Mobile App\EPTS.UI.Mobile\EPTS.UI.Mobile.WinPhone\EPTS.UI.Mobile.WinPhone.csproj", "{6F7A70AF-1FB6-4280-BD34-0E500F3B06AC}"
EndProject
Project("{FAE04EC0-301F-11D3-BF4B-00C04F79EFBC}") = "EPTS.UI.Mobile.UWP", "UI\Mobile App\EPTS.UI.Mobile\EPTS.UI.Mobile.UWP\EPTS.UI.Mobile.UWP.csproj", "{0C22D973-84D2-41DE-B4AC-ABF91F569356}"
EndProject
Project("{FAE04EC0-301F-11D3-BF4B-00C04F79EFBC}") = "EPTS.UI.Mobile.Windows", "UI\Mobile App\EPTS.UI.Mobile\EPTS.UI.Mobile.Windows\EPTS.UI.Mobile.Windows.csproj", "{08DA262C-7F54-4F1F-BDD4-9FD8922F81EC}"
EndProject
Global
	GlobalSection(SolutionConfigurationPlatforms) = preSolution
		Ad-Hoc|Any CPU = Ad-Hoc|Any CPU
		Ad-Hoc|ARM = Ad-Hoc|ARM
		Ad-Hoc|iPhone = Ad-Hoc|iPhone
		Ad-Hoc|iPhoneSimulator = Ad-Hoc|iPhoneSimulator
		Ad-Hoc|x64 = Ad-Hoc|x64
		Ad-Hoc|x86 = Ad-Hoc|x86
		AppStore|Any CPU = AppStore|Any CPU
		AppStore|ARM = AppStore|ARM
		AppStore|iPhone = AppStore|iPhone
		AppStore|iPhoneSimulator = AppStore|iPhoneSimulator
		AppStore|x64 = AppStore|x64
		AppStore|x86 = AppStore|x86
		Debug|Any CPU = Debug|Any CPU
		Debug|ARM = Debug|ARM
		Debug|iPhone = Debug|iPhone
		Debug|iPhoneSimulator = Debug|iPhoneSimulator
		Debug|x64 = Debug|x64
		Debug|x86 = Debug|x86
		Release|Any CPU = Release|Any CPU
		Release|ARM = Release|ARM
		Release|iPhone = Release|iPhone
		Release|iPhoneSimulator = Release|iPhoneSimulator
		Release|x64 = Release|x64
		Release|x86 = Release|x86
	EndGlobalSection
	GlobalSection(ProjectConfigurationPlatforms) = postSolution
		{96731F0A-E82D-4EC8-A4DE-9D6614F22460}.Ad-Hoc|Any CPU.ActiveCfg = Release|Any CPU
		{96731F0A-E82D-4EC8-A4DE-9D6614F22460}.Ad-Hoc|Any CPU.Build.0 = Release|Any CPU
		{96731F0A-E82D-4EC8-A4DE-9D6614F22460}.Ad-Hoc|ARM.ActiveCfg = Release|Any CPU
		{96731F0A-E82D-4EC8-A4DE-9D6614F22460}.Ad-Hoc|ARM.Build.0 = Release|Any CPU
		{96731F0A-E82D-4EC8-A4DE-9D6614F22460}.Ad-Hoc|iPhone.ActiveCfg = Release|Any CPU
		{96731F0A-E82D-4EC8-A4DE-9D6614F22460}.Ad-Hoc|iPhone.Build.0 = Release|Any CPU
		{96731F0A-E82D-4EC8-A4DE-9D6614F22460}.Ad-Hoc|iPhoneSimulator.ActiveCfg = Release|Any CPU
		{96731F0A-E82D-4EC8-A4DE-9D6614F22460}.Ad-Hoc|iPhoneSimulator.Build.0 = Release|Any CPU
		{96731F0A-E82D-4EC8-A4DE-9D6614F22460}.Ad-Hoc|x64.ActiveCfg = Release|Any CPU
		{96731F0A-E82D-4EC8-A4DE-9D6614F22460}.Ad-Hoc|x64.Build.0 = Release|Any CPU
		{96731F0A-E82D-4EC8-A4DE-9D6614F22460}.Ad-Hoc|x86.ActiveCfg = Release|Any CPU
		{96731F0A-E82D-4EC8-A4DE-9D6614F22460}.Ad-Hoc|x86.Build.0 = Release|Any CPU
		{96731F0A-E82D-4EC8-A4DE-9D6614F22460}.AppStore|Any CPU.ActiveCfg = Release|Any CPU
		{96731F0A-E82D-4EC8-A4DE-9D6614F22460}.AppStore|Any CPU.Build.0 = Release|Any CPU
		{96731F0A-E82D-4EC8-A4DE-9D6614F22460}.AppStore|ARM.ActiveCfg = Release|Any CPU
		{96731F0A-E82D-4EC8-A4DE-9D6614F22460}.AppStore|ARM.Build.0 = Release|Any CPU
		{96731F0A-E82D-4EC8-A4DE-9D6614F22460}.AppStore|iPhone.ActiveCfg = Release|Any CPU
		{96731F0A-E82D-4EC8-A4DE-9D6614F22460}.AppStore|iPhone.Build.0 = Release|Any CPU
		{96731F0A-E82D-4EC8-A4DE-9D6614F22460}.AppStore|iPhoneSimulator.ActiveCfg = Release|Any CPU
		{96731F0A-E82D-4EC8-A4DE-9D6614F22460}.AppStore|iPhoneSimulator.Build.0 = Release|Any CPU
		{96731F0A-E82D-4EC8-A4DE-9D6614F22460}.AppStore|x64.ActiveCfg = Release|Any CPU
		{96731F0A-E82D-4EC8-A4DE-9D6614F22460}.AppStore|x64.Build.0 = Release|Any CPU
		{96731F0A-E82D-4EC8-A4DE-9D6614F22460}.AppStore|x86.ActiveCfg = Release|Any CPU
		{96731F0A-E82D-4EC8-A4DE-9D6614F22460}.AppStore|x86.Build.0 = Release|Any CPU
		{96731F0A-E82D-4EC8-A4DE-9D6614F22460}.Debug|Any CPU.ActiveCfg = Debug|Any CPU
		{96731F0A-E82D-4EC8-A4DE-9D6614F22460}.Debug|Any CPU.Build.0 = Debug|Any CPU
		{96731F0A-E82D-4EC8-A4DE-9D6614F22460}.Debug|ARM.ActiveCfg = Debug|Any CPU
		{96731F0A-E82D-4EC8-A4DE-9D6614F22460}.Debug|ARM.Build.0 = Debug|Any CPU
		{96731F0A-E82D-4EC8-A4DE-9D6614F22460}.Debug|iPhone.ActiveCfg = Debug|Any CPU
		{96731F0A-E82D-4EC8-A4DE-9D6614F22460}.Debug|iPhone.Build.0 = Debug|Any CPU
		{96731F0A-E82D-4EC8-A4DE-9D6614F22460}.Debug|iPhoneSimulator.ActiveCfg = Debug|Any CPU
		{96731F0A-E82D-4EC8-A4DE-9D6614F22460}.Debug|iPhoneSimulator.Build.0 = Debug|Any CPU
		{96731F0A-E82D-4EC8-A4DE-9D6614F22460}.Debug|x64.ActiveCfg = Debug|Any CPU
		{96731F0A-E82D-4EC8-A4DE-9D6614F22460}.Debug|x64.Build.0 = Debug|Any CPU
		{96731F0A-E82D-4EC8-A4DE-9D6614F22460}.Debug|x86.ActiveCfg = Debug|Any CPU
		{96731F0A-E82D-4EC8-A4DE-9D6614F22460}.Debug|x86.Build.0 = Debug|Any CPU
		{96731F0A-E82D-4EC8-A4DE-9D6614F22460}.Release|Any CPU.ActiveCfg = Release|Any CPU
		{96731F0A-E82D-4EC8-A4DE-9D6614F22460}.Release|Any CPU.Build.0 = Release|Any CPU
		{96731F0A-E82D-4EC8-A4DE-9D6614F22460}.Release|ARM.ActiveCfg = Release|Any CPU
		{96731F0A-E82D-4EC8-A4DE-9D6614F22460}.Release|ARM.Build.0 = Release|Any CPU
		{96731F0A-E82D-4EC8-A4DE-9D6614F22460}.Release|iPhone.ActiveCfg = Release|Any CPU
		{96731F0A-E82D-4EC8-A4DE-9D6614F22460}.Release|iPhone.Build.0 = Release|Any CPU
		{96731F0A-E82D-4EC8-A4DE-9D6614F22460}.Release|iPhoneSimulator.ActiveCfg = Release|Any CPU
		{96731F0A-E82D-4EC8-A4DE-9D6614F22460}.Release|iPhoneSimulator.Build.0 = Release|Any CPU
		{96731F0A-E82D-4EC8-A4DE-9D6614F22460}.Release|x64.ActiveCfg = Release|Any CPU
		{96731F0A-E82D-4EC8-A4DE-9D6614F22460}.Release|x64.Build.0 = Release|Any CPU
		{96731F0A-E82D-4EC8-A4DE-9D6614F22460}.Release|x86.ActiveCfg = Release|Any CPU
		{96731F0A-E82D-4EC8-A4DE-9D6614F22460}.Release|x86.Build.0 = Release|Any CPU
		{548F6D68-77BE-4CCD-8484-BE7D100A7868}.Ad-Hoc|Any CPU.ActiveCfg = Release|Any CPU
		{548F6D68-77BE-4CCD-8484-BE7D100A7868}.Ad-Hoc|Any CPU.Build.0 = Release|Any CPU
		{548F6D68-77BE-4CCD-8484-BE7D100A7868}.Ad-Hoc|ARM.ActiveCfg = Release|Any CPU
		{548F6D68-77BE-4CCD-8484-BE7D100A7868}.Ad-Hoc|ARM.Build.0 = Release|Any CPU
		{548F6D68-77BE-4CCD-8484-BE7D100A7868}.Ad-Hoc|iPhone.ActiveCfg = Release|Any CPU
		{548F6D68-77BE-4CCD-8484-BE7D100A7868}.Ad-Hoc|iPhone.Build.0 = Release|Any CPU
		{548F6D68-77BE-4CCD-8484-BE7D100A7868}.Ad-Hoc|iPhoneSimulator.ActiveCfg = Release|Any CPU
		{548F6D68-77BE-4CCD-8484-BE7D100A7868}.Ad-Hoc|iPhoneSimulator.Build.0 = Release|Any CPU
		{548F6D68-77BE-4CCD-8484-BE7D100A7868}.Ad-Hoc|x64.ActiveCfg = Release|Any CPU
		{548F6D68-77BE-4CCD-8484-BE7D100A7868}.Ad-Hoc|x64.Build.0 = Release|Any CPU
		{548F6D68-77BE-4CCD-8484-BE7D100A7868}.Ad-Hoc|x86.ActiveCfg = Release|Any CPU
		{548F6D68-77BE-4CCD-8484-BE7D100A7868}.Ad-Hoc|x86.Build.0 = Release|Any CPU
		{548F6D68-77BE-4CCD-8484-BE7D100A7868}.AppStore|Any CPU.ActiveCfg = Release|Any CPU
		{548F6D68-77BE-4CCD-8484-BE7D100A7868}.AppStore|Any CPU.Build.0 = Release|Any CPU
		{548F6D68-77BE-4CCD-8484-BE7D100A7868}.AppStore|ARM.ActiveCfg = Release|Any CPU
		{548F6D68-77BE-4CCD-8484-BE7D100A7868}.AppStore|ARM.Build.0 = Release|Any CPU
		{548F6D68-77BE-4CCD-8484-BE7D100A7868}.AppStore|iPhone.ActiveCfg = Release|Any CPU
		{548F6D68-77BE-4CCD-8484-BE7D100A7868}.AppStore|iPhone.Build.0 = Release|Any CPU
		{548F6D68-77BE-4CCD-8484-BE7D100A7868}.AppStore|iPhoneSimulator.ActiveCfg = Release|Any CPU
		{548F6D68-77BE-4CCD-8484-BE7D100A7868}.AppStore|iPhoneSimulator.Build.0 = Release|Any CPU
		{548F6D68-77BE-4CCD-8484-BE7D100A7868}.AppStore|x64.ActiveCfg = Release|Any CPU
		{548F6D68-77BE-4CCD-8484-BE7D100A7868}.AppStore|x64.Build.0 = Release|Any CPU
		{548F6D68-77BE-4CCD-8484-BE7D100A7868}.AppStore|x86.ActiveCfg = Release|Any CPU
		{548F6D68-77BE-4CCD-8484-BE7D100A7868}.AppStore|x86.Build.0 = Release|Any CPU
		{548F6D68-77BE-4CCD-8484-BE7D100A7868}.Debug|Any CPU.ActiveCfg = Debug|Any CPU
		{548F6D68-77BE-4CCD-8484-BE7D100A7868}.Debug|Any CPU.Build.0 = Debug|Any CPU
		{548F6D68-77BE-4CCD-8484-BE7D100A7868}.Debug|ARM.ActiveCfg = Debug|Any CPU
		{548F6D68-77BE-4CCD-8484-BE7D100A7868}.Debug|ARM.Build.0 = Debug|Any CPU
		{548F6D68-77BE-4CCD-8484-BE7D100A7868}.Debug|iPhone.ActiveCfg = Debug|Any CPU
		{548F6D68-77BE-4CCD-8484-BE7D100A7868}.Debug|iPhone.Build.0 = Debug|Any CPU
		{548F6D68-77BE-4CCD-8484-BE7D100A7868}.Debug|iPhoneSimulator.ActiveCfg = Debug|Any CPU
		{548F6D68-77BE-4CCD-8484-BE7D100A7868}.Debug|iPhoneSimulator.Build.0 = Debug|Any CPU
		{548F6D68-77BE-4CCD-8484-BE7D100A7868}.Debug|x64.ActiveCfg = Debug|Any CPU
		{548F6D68-77BE-4CCD-8484-BE7D100A7868}.Debug|x64.Build.0 = Debug|Any CPU
		{548F6D68-77BE-4CCD-8484-BE7D100A7868}.Debug|x86.ActiveCfg = Debug|Any CPU
		{548F6D68-77BE-4CCD-8484-BE7D100A7868}.Debug|x86.Build.0 = Debug|Any CPU
		{548F6D68-77BE-4CCD-8484-BE7D100A7868}.Release|Any CPU.ActiveCfg = Release|Any CPU
		{548F6D68-77BE-4CCD-8484-BE7D100A7868}.Release|Any CPU.Build.0 = Release|Any CPU
		{548F6D68-77BE-4CCD-8484-BE7D100A7868}.Release|ARM.ActiveCfg = Release|Any CPU
		{548F6D68-77BE-4CCD-8484-BE7D100A7868}.Release|ARM.Build.0 = Release|Any CPU
		{548F6D68-77BE-4CCD-8484-BE7D100A7868}.Release|iPhone.ActiveCfg = Release|Any CPU
		{548F6D68-77BE-4CCD-8484-BE7D100A7868}.Release|iPhone.Build.0 = Release|Any CPU
		{548F6D68-77BE-4CCD-8484-BE7D100A7868}.Release|iPhoneSimulator.ActiveCfg = Release|Any CPU
		{548F6D68-77BE-4CCD-8484-BE7D100A7868}.Release|iPhoneSimulator.Build.0 = Release|Any CPU
		{548F6D68-77BE-4CCD-8484-BE7D100A7868}.Release|x64.ActiveCfg = Release|Any CPU
		{548F6D68-77BE-4CCD-8484-BE7D100A7868}.Release|x64.Build.0 = Release|Any CPU
		{548F6D68-77BE-4CCD-8484-BE7D100A7868}.Release|x86.ActiveCfg = Release|Any CPU
		{548F6D68-77BE-4CCD-8484-BE7D100A7868}.Release|x86.Build.0 = Release|Any CPU
		{358A1FBA-9410-4175-B8BE-32DA2462DD4E}.Ad-Hoc|Any CPU.ActiveCfg = Release|Any CPU
		{358A1FBA-9410-4175-B8BE-32DA2462DD4E}.Ad-Hoc|Any CPU.Build.0 = Release|Any CPU
		{358A1FBA-9410-4175-B8BE-32DA2462DD4E}.Ad-Hoc|ARM.ActiveCfg = Release|Any CPU
		{358A1FBA-9410-4175-B8BE-32DA2462DD4E}.Ad-Hoc|ARM.Build.0 = Release|Any CPU
		{358A1FBA-9410-4175-B8BE-32DA2462DD4E}.Ad-Hoc|iPhone.ActiveCfg = Release|Any CPU
		{358A1FBA-9410-4175-B8BE-32DA2462DD4E}.Ad-Hoc|iPhone.Build.0 = Release|Any CPU
		{358A1FBA-9410-4175-B8BE-32DA2462DD4E}.Ad-Hoc|iPhoneSimulator.ActiveCfg = Release|Any CPU
		{358A1FBA-9410-4175-B8BE-32DA2462DD4E}.Ad-Hoc|iPhoneSimulator.Build.0 = Release|Any CPU
		{358A1FBA-9410-4175-B8BE-32DA2462DD4E}.Ad-Hoc|x64.ActiveCfg = Release|Any CPU
		{358A1FBA-9410-4175-B8BE-32DA2462DD4E}.Ad-Hoc|x64.Build.0 = Release|Any CPU
		{358A1FBA-9410-4175-B8BE-32DA2462DD4E}.Ad-Hoc|x86.ActiveCfg = Release|Any CPU
		{358A1FBA-9410-4175-B8BE-32DA2462DD4E}.Ad-Hoc|x86.Build.0 = Release|Any CPU
		{358A1FBA-9410-4175-B8BE-32DA2462DD4E}.AppStore|Any CPU.ActiveCfg = Release|Any CPU
		{358A1FBA-9410-4175-B8BE-32DA2462DD4E}.AppStore|Any CPU.Build.0 = Release|Any CPU
		{358A1FBA-9410-4175-B8BE-32DA2462DD4E}.AppStore|ARM.ActiveCfg = Release|Any CPU
		{358A1FBA-9410-4175-B8BE-32DA2462DD4E}.AppStore|ARM.Build.0 = Release|Any CPU
		{358A1FBA-9410-4175-B8BE-32DA2462DD4E}.AppStore|iPhone.ActiveCfg = Release|Any CPU
		{358A1FBA-9410-4175-B8BE-32DA2462DD4E}.AppStore|iPhone.Build.0 = Release|Any CPU
		{358A1FBA-9410-4175-B8BE-32DA2462DD4E}.AppStore|iPhoneSimulator.ActiveCfg = Release|Any CPU
		{358A1FBA-9410-4175-B8BE-32DA2462DD4E}.AppStore|iPhoneSimulator.Build.0 = Release|Any CPU
		{358A1FBA-9410-4175-B8BE-32DA2462DD4E}.AppStore|x64.ActiveCfg = Release|Any CPU
		{358A1FBA-9410-4175-B8BE-32DA2462DD4E}.AppStore|x64.Build.0 = Release|Any CPU
		{358A1FBA-9410-4175-B8BE-32DA2462DD4E}.AppStore|x86.ActiveCfg = Release|Any CPU
		{358A1FBA-9410-4175-B8BE-32DA2462DD4E}.AppStore|x86.Build.0 = Release|Any CPU
		{358A1FBA-9410-4175-B8BE-32DA2462DD4E}.Debug|Any CPU.ActiveCfg = Debug|Any CPU
		{358A1FBA-9410-4175-B8BE-32DA2462DD4E}.Debug|Any CPU.Build.0 = Debug|Any CPU
		{358A1FBA-9410-4175-B8BE-32DA2462DD4E}.Debug|ARM.ActiveCfg = Debug|Any CPU
		{358A1FBA-9410-4175-B8BE-32DA2462DD4E}.Debug|ARM.Build.0 = Debug|Any CPU
		{358A1FBA-9410-4175-B8BE-32DA2462DD4E}.Debug|iPhone.ActiveCfg = Debug|Any CPU
		{358A1FBA-9410-4175-B8BE-32DA2462DD4E}.Debug|iPhone.Build.0 = Debug|Any CPU
		{358A1FBA-9410-4175-B8BE-32DA2462DD4E}.Debug|iPhoneSimulator.ActiveCfg = Debug|Any CPU
		{358A1FBA-9410-4175-B8BE-32DA2462DD4E}.Debug|iPhoneSimulator.Build.0 = Debug|Any CPU
		{358A1FBA-9410-4175-B8BE-32DA2462DD4E}.Debug|x64.ActiveCfg = Debug|Any CPU
		{358A1FBA-9410-4175-B8BE-32DA2462DD4E}.Debug|x64.Build.0 = Debug|Any CPU
		{358A1FBA-9410-4175-B8BE-32DA2462DD4E}.Debug|x86.ActiveCfg = Debug|Any CPU
		{358A1FBA-9410-4175-B8BE-32DA2462DD4E}.Debug|x86.Build.0 = Debug|Any CPU
		{358A1FBA-9410-4175-B8BE-32DA2462DD4E}.Release|Any CPU.ActiveCfg = Release|Any CPU
		{358A1FBA-9410-4175-B8BE-32DA2462DD4E}.Release|Any CPU.Build.0 = Release|Any CPU
		{358A1FBA-9410-4175-B8BE-32DA2462DD4E}.Release|ARM.ActiveCfg = Release|Any CPU
		{358A1FBA-9410-4175-B8BE-32DA2462DD4E}.Release|ARM.Build.0 = Release|Any CPU
		{358A1FBA-9410-4175-B8BE-32DA2462DD4E}.Release|iPhone.ActiveCfg = Release|Any CPU
		{358A1FBA-9410-4175-B8BE-32DA2462DD4E}.Release|iPhone.Build.0 = Release|Any CPU
		{358A1FBA-9410-4175-B8BE-32DA2462DD4E}.Release|iPhoneSimulator.ActiveCfg = Release|Any CPU
		{358A1FBA-9410-4175-B8BE-32DA2462DD4E}.Release|iPhoneSimulator.Build.0 = Release|Any CPU
		{358A1FBA-9410-4175-B8BE-32DA2462DD4E}.Release|x64.ActiveCfg = Release|Any CPU
		{358A1FBA-9410-4175-B8BE-32DA2462DD4E}.Release|x64.Build.0 = Release|Any CPU
		{358A1FBA-9410-4175-B8BE-32DA2462DD4E}.Release|x86.ActiveCfg = Release|Any CPU
		{358A1FBA-9410-4175-B8BE-32DA2462DD4E}.Release|x86.Build.0 = Release|Any CPU
		{0499C82C-15F6-4448-8575-19C6758011E6}.Ad-Hoc|Any CPU.ActiveCfg = Release|Any CPU
		{0499C82C-15F6-4448-8575-19C6758011E6}.Ad-Hoc|Any CPU.Build.0 = Release|Any CPU
		{0499C82C-15F6-4448-8575-19C6758011E6}.Ad-Hoc|ARM.ActiveCfg = Release|Any CPU
		{0499C82C-15F6-4448-8575-19C6758011E6}.Ad-Hoc|ARM.Build.0 = Release|Any CPU
		{0499C82C-15F6-4448-8575-19C6758011E6}.Ad-Hoc|iPhone.ActiveCfg = Release|Any CPU
		{0499C82C-15F6-4448-8575-19C6758011E6}.Ad-Hoc|iPhone.Build.0 = Release|Any CPU
		{0499C82C-15F6-4448-8575-19C6758011E6}.Ad-Hoc|iPhoneSimulator.ActiveCfg = Release|Any CPU
		{0499C82C-15F6-4448-8575-19C6758011E6}.Ad-Hoc|iPhoneSimulator.Build.0 = Release|Any CPU
		{0499C82C-15F6-4448-8575-19C6758011E6}.Ad-Hoc|x64.ActiveCfg = Release|Any CPU
		{0499C82C-15F6-4448-8575-19C6758011E6}.Ad-Hoc|x64.Build.0 = Release|Any CPU
		{0499C82C-15F6-4448-8575-19C6758011E6}.Ad-Hoc|x86.ActiveCfg = Release|Any CPU
		{0499C82C-15F6-4448-8575-19C6758011E6}.Ad-Hoc|x86.Build.0 = Release|Any CPU
		{0499C82C-15F6-4448-8575-19C6758011E6}.AppStore|Any CPU.ActiveCfg = Release|Any CPU
		{0499C82C-15F6-4448-8575-19C6758011E6}.AppStore|Any CPU.Build.0 = Release|Any CPU
		{0499C82C-15F6-4448-8575-19C6758011E6}.AppStore|ARM.ActiveCfg = Release|Any CPU
		{0499C82C-15F6-4448-8575-19C6758011E6}.AppStore|ARM.Build.0 = Release|Any CPU
		{0499C82C-15F6-4448-8575-19C6758011E6}.AppStore|iPhone.ActiveCfg = Release|Any CPU
		{0499C82C-15F6-4448-8575-19C6758011E6}.AppStore|iPhone.Build.0 = Release|Any CPU
		{0499C82C-15F6-4448-8575-19C6758011E6}.AppStore|iPhoneSimulator.ActiveCfg = Release|Any CPU
		{0499C82C-15F6-4448-8575-19C6758011E6}.AppStore|iPhoneSimulator.Build.0 = Release|Any CPU
		{0499C82C-15F6-4448-8575-19C6758011E6}.AppStore|x64.ActiveCfg = Release|Any CPU
		{0499C82C-15F6-4448-8575-19C6758011E6}.AppStore|x64.Build.0 = Release|Any CPU
		{0499C82C-15F6-4448-8575-19C6758011E6}.AppStore|x86.ActiveCfg = Release|Any CPU
		{0499C82C-15F6-4448-8575-19C6758011E6}.AppStore|x86.Build.0 = Release|Any CPU
		{0499C82C-15F6-4448-8575-19C6758011E6}.Debug|Any CPU.ActiveCfg = Debug|Any CPU
		{0499C82C-15F6-4448-8575-19C6758011E6}.Debug|Any CPU.Build.0 = Debug|Any CPU
		{0499C82C-15F6-4448-8575-19C6758011E6}.Debug|ARM.ActiveCfg = Debug|Any CPU
		{0499C82C-15F6-4448-8575-19C6758011E6}.Debug|ARM.Build.0 = Debug|Any CPU
		{0499C82C-15F6-4448-8575-19C6758011E6}.Debug|iPhone.ActiveCfg = Debug|Any CPU
		{0499C82C-15F6-4448-8575-19C6758011E6}.Debug|iPhone.Build.0 = Debug|Any CPU
		{0499C82C-15F6-4448-8575-19C6758011E6}.Debug|iPhoneSimulator.ActiveCfg = Debug|Any CPU
		{0499C82C-15F6-4448-8575-19C6758011E6}.Debug|iPhoneSimulator.Build.0 = Debug|Any CPU
		{0499C82C-15F6-4448-8575-19C6758011E6}.Debug|x64.ActiveCfg = Debug|Any CPU
		{0499C82C-15F6-4448-8575-19C6758011E6}.Debug|x64.Build.0 = Debug|Any CPU
		{0499C82C-15F6-4448-8575-19C6758011E6}.Debug|x86.ActiveCfg = Debug|Any CPU
		{0499C82C-15F6-4448-8575-19C6758011E6}.Debug|x86.Build.0 = Debug|Any CPU
		{0499C82C-15F6-4448-8575-19C6758011E6}.Release|Any CPU.ActiveCfg = Release|Any CPU
		{0499C82C-15F6-4448-8575-19C6758011E6}.Release|Any CPU.Build.0 = Release|Any CPU
		{0499C82C-15F6-4448-8575-19C6758011E6}.Release|ARM.ActiveCfg = Release|Any CPU
		{0499C82C-15F6-4448-8575-19C6758011E6}.Release|ARM.Build.0 = Release|Any CPU
		{0499C82C-15F6-4448-8575-19C6758011E6}.Release|iPhone.ActiveCfg = Release|Any CPU
		{0499C82C-15F6-4448-8575-19C6758011E6}.Release|iPhone.Build.0 = Release|Any CPU
		{0499C82C-15F6-4448-8575-19C6758011E6}.Release|iPhoneSimulator.ActiveCfg = Release|Any CPU
		{0499C82C-15F6-4448-8575-19C6758011E6}.Release|iPhoneSimulator.Build.0 = Release|Any CPU
		{0499C82C-15F6-4448-8575-19C6758011E6}.Release|x64.ActiveCfg = Release|Any CPU
		{0499C82C-15F6-4448-8575-19C6758011E6}.Release|x64.Build.0 = Release|Any CPU
		{0499C82C-15F6-4448-8575-19C6758011E6}.Release|x86.ActiveCfg = Release|Any CPU
		{0499C82C-15F6-4448-8575-19C6758011E6}.Release|x86.Build.0 = Release|Any CPU
		{6A5CB93D-AB85-4F5A-86D8-F1AE28CC0FA0}.Ad-Hoc|Any CPU.ActiveCfg = Release|Any CPU
		{6A5CB93D-AB85-4F5A-86D8-F1AE28CC0FA0}.Ad-Hoc|Any CPU.Build.0 = Release|Any CPU
		{6A5CB93D-AB85-4F5A-86D8-F1AE28CC0FA0}.Ad-Hoc|ARM.ActiveCfg = Release|Any CPU
		{6A5CB93D-AB85-4F5A-86D8-F1AE28CC0FA0}.Ad-Hoc|ARM.Build.0 = Release|Any CPU
		{6A5CB93D-AB85-4F5A-86D8-F1AE28CC0FA0}.Ad-Hoc|iPhone.ActiveCfg = Release|Any CPU
		{6A5CB93D-AB85-4F5A-86D8-F1AE28CC0FA0}.Ad-Hoc|iPhone.Build.0 = Release|Any CPU
		{6A5CB93D-AB85-4F5A-86D8-F1AE28CC0FA0}.Ad-Hoc|iPhoneSimulator.ActiveCfg = Release|Any CPU
		{6A5CB93D-AB85-4F5A-86D8-F1AE28CC0FA0}.Ad-Hoc|iPhoneSimulator.Build.0 = Release|Any CPU
		{6A5CB93D-AB85-4F5A-86D8-F1AE28CC0FA0}.Ad-Hoc|x64.ActiveCfg = Release|Any CPU
		{6A5CB93D-AB85-4F5A-86D8-F1AE28CC0FA0}.Ad-Hoc|x64.Build.0 = Release|Any CPU
		{6A5CB93D-AB85-4F5A-86D8-F1AE28CC0FA0}.Ad-Hoc|x86.ActiveCfg = Release|Any CPU
		{6A5CB93D-AB85-4F5A-86D8-F1AE28CC0FA0}.Ad-Hoc|x86.Build.0 = Release|Any CPU
		{6A5CB93D-AB85-4F5A-86D8-F1AE28CC0FA0}.AppStore|Any CPU.ActiveCfg = Release|Any CPU
		{6A5CB93D-AB85-4F5A-86D8-F1AE28CC0FA0}.AppStore|Any CPU.Build.0 = Release|Any CPU
		{6A5CB93D-AB85-4F5A-86D8-F1AE28CC0FA0}.AppStore|ARM.ActiveCfg = Release|Any CPU
		{6A5CB93D-AB85-4F5A-86D8-F1AE28CC0FA0}.AppStore|ARM.Build.0 = Release|Any CPU
		{6A5CB93D-AB85-4F5A-86D8-F1AE28CC0FA0}.AppStore|iPhone.ActiveCfg = Release|Any CPU
		{6A5CB93D-AB85-4F5A-86D8-F1AE28CC0FA0}.AppStore|iPhone.Build.0 = Release|Any CPU
		{6A5CB93D-AB85-4F5A-86D8-F1AE28CC0FA0}.AppStore|iPhoneSimulator.ActiveCfg = Release|Any CPU
		{6A5CB93D-AB85-4F5A-86D8-F1AE28CC0FA0}.AppStore|iPhoneSimulator.Build.0 = Release|Any CPU
		{6A5CB93D-AB85-4F5A-86D8-F1AE28CC0FA0}.AppStore|x64.ActiveCfg = Release|Any CPU
		{6A5CB93D-AB85-4F5A-86D8-F1AE28CC0FA0}.AppStore|x64.Build.0 = Release|Any CPU
		{6A5CB93D-AB85-4F5A-86D8-F1AE28CC0FA0}.AppStore|x86.ActiveCfg = Release|Any CPU
		{6A5CB93D-AB85-4F5A-86D8-F1AE28CC0FA0}.AppStore|x86.Build.0 = Release|Any CPU
		{6A5CB93D-AB85-4F5A-86D8-F1AE28CC0FA0}.Debug|Any CPU.ActiveCfg = Debug|Any CPU
		{6A5CB93D-AB85-4F5A-86D8-F1AE28CC0FA0}.Debug|Any CPU.Build.0 = Debug|Any CPU
		{6A5CB93D-AB85-4F5A-86D8-F1AE28CC0FA0}.Debug|ARM.ActiveCfg = Debug|Any CPU
		{6A5CB93D-AB85-4F5A-86D8-F1AE28CC0FA0}.Debug|ARM.Build.0 = Debug|Any CPU
		{6A5CB93D-AB85-4F5A-86D8-F1AE28CC0FA0}.Debug|iPhone.ActiveCfg = Debug|Any CPU
		{6A5CB93D-AB85-4F5A-86D8-F1AE28CC0FA0}.Debug|iPhone.Build.0 = Debug|Any CPU
		{6A5CB93D-AB85-4F5A-86D8-F1AE28CC0FA0}.Debug|iPhoneSimulator.ActiveCfg = Debug|Any CPU
		{6A5CB93D-AB85-4F5A-86D8-F1AE28CC0FA0}.Debug|iPhoneSimulator.Build.0 = Debug|Any CPU
		{6A5CB93D-AB85-4F5A-86D8-F1AE28CC0FA0}.Debug|x64.ActiveCfg = Debug|Any CPU
		{6A5CB93D-AB85-4F5A-86D8-F1AE28CC0FA0}.Debug|x64.Build.0 = Debug|Any CPU
		{6A5CB93D-AB85-4F5A-86D8-F1AE28CC0FA0}.Debug|x86.ActiveCfg = Debug|Any CPU
		{6A5CB93D-AB85-4F5A-86D8-F1AE28CC0FA0}.Debug|x86.Build.0 = Debug|Any CPU
		{6A5CB93D-AB85-4F5A-86D8-F1AE28CC0FA0}.Release|Any CPU.ActiveCfg = Release|Any CPU
		{6A5CB93D-AB85-4F5A-86D8-F1AE28CC0FA0}.Release|Any CPU.Build.0 = Release|Any CPU
		{6A5CB93D-AB85-4F5A-86D8-F1AE28CC0FA0}.Release|ARM.ActiveCfg = Release|Any CPU
		{6A5CB93D-AB85-4F5A-86D8-F1AE28CC0FA0}.Release|ARM.Build.0 = Release|Any CPU
		{6A5CB93D-AB85-4F5A-86D8-F1AE28CC0FA0}.Release|iPhone.ActiveCfg = Release|Any CPU
		{6A5CB93D-AB85-4F5A-86D8-F1AE28CC0FA0}.Release|iPhone.Build.0 = Release|Any CPU
		{6A5CB93D-AB85-4F5A-86D8-F1AE28CC0FA0}.Release|iPhoneSimulator.ActiveCfg = Release|Any CPU
		{6A5CB93D-AB85-4F5A-86D8-F1AE28CC0FA0}.Release|iPhoneSimulator.Build.0 = Release|Any CPU
		{6A5CB93D-AB85-4F5A-86D8-F1AE28CC0FA0}.Release|x64.ActiveCfg = Release|Any CPU
		{6A5CB93D-AB85-4F5A-86D8-F1AE28CC0FA0}.Release|x64.Build.0 = Release|Any CPU
		{6A5CB93D-AB85-4F5A-86D8-F1AE28CC0FA0}.Release|x86.ActiveCfg = Release|Any CPU
		{6A5CB93D-AB85-4F5A-86D8-F1AE28CC0FA0}.Release|x86.Build.0 = Release|Any CPU
		{DEEB068B-D5C7-4659-98D6-A345AE757F93}.Ad-Hoc|Any CPU.ActiveCfg = Release|Any CPU
		{DEEB068B-D5C7-4659-98D6-A345AE757F93}.Ad-Hoc|Any CPU.Build.0 = Release|Any CPU
		{DEEB068B-D5C7-4659-98D6-A345AE757F93}.Ad-Hoc|ARM.ActiveCfg = Release|Any CPU
		{DEEB068B-D5C7-4659-98D6-A345AE757F93}.Ad-Hoc|ARM.Build.0 = Release|Any CPU
		{DEEB068B-D5C7-4659-98D6-A345AE757F93}.Ad-Hoc|iPhone.ActiveCfg = Release|Any CPU
		{DEEB068B-D5C7-4659-98D6-A345AE757F93}.Ad-Hoc|iPhone.Build.0 = Release|Any CPU
		{DEEB068B-D5C7-4659-98D6-A345AE757F93}.Ad-Hoc|iPhoneSimulator.ActiveCfg = Release|Any CPU
		{DEEB068B-D5C7-4659-98D6-A345AE757F93}.Ad-Hoc|iPhoneSimulator.Build.0 = Release|Any CPU
		{DEEB068B-D5C7-4659-98D6-A345AE757F93}.Ad-Hoc|x64.ActiveCfg = Release|Any CPU
		{DEEB068B-D5C7-4659-98D6-A345AE757F93}.Ad-Hoc|x64.Build.0 = Release|Any CPU
		{DEEB068B-D5C7-4659-98D6-A345AE757F93}.Ad-Hoc|x86.ActiveCfg = Release|Any CPU
		{DEEB068B-D5C7-4659-98D6-A345AE757F93}.Ad-Hoc|x86.Build.0 = Release|Any CPU
		{DEEB068B-D5C7-4659-98D6-A345AE757F93}.AppStore|Any CPU.ActiveCfg = Release|Any CPU
		{DEEB068B-D5C7-4659-98D6-A345AE757F93}.AppStore|Any CPU.Build.0 = Release|Any CPU
		{DEEB068B-D5C7-4659-98D6-A345AE757F93}.AppStore|ARM.ActiveCfg = Release|Any CPU
		{DEEB068B-D5C7-4659-98D6-A345AE757F93}.AppStore|ARM.Build.0 = Release|Any CPU
		{DEEB068B-D5C7-4659-98D6-A345AE757F93}.AppStore|iPhone.ActiveCfg = Release|Any CPU
		{DEEB068B-D5C7-4659-98D6-A345AE757F93}.AppStore|iPhone.Build.0 = Release|Any CPU
		{DEEB068B-D5C7-4659-98D6-A345AE757F93}.AppStore|iPhoneSimulator.ActiveCfg = Release|Any CPU
		{DEEB068B-D5C7-4659-98D6-A345AE757F93}.AppStore|iPhoneSimulator.Build.0 = Release|Any CPU
		{DEEB068B-D5C7-4659-98D6-A345AE757F93}.AppStore|x64.ActiveCfg = Release|Any CPU
		{DEEB068B-D5C7-4659-98D6-A345AE757F93}.AppStore|x64.Build.0 = Release|Any CPU
		{DEEB068B-D5C7-4659-98D6-A345AE757F93}.AppStore|x86.ActiveCfg = Release|Any CPU
		{DEEB068B-D5C7-4659-98D6-A345AE757F93}.AppStore|x86.Build.0 = Release|Any CPU
		{DEEB068B-D5C7-4659-98D6-A345AE757F93}.Debug|Any CPU.ActiveCfg = Debug|Any CPU
		{DEEB068B-D5C7-4659-98D6-A345AE757F93}.Debug|Any CPU.Build.0 = Debug|Any CPU
		{DEEB068B-D5C7-4659-98D6-A345AE757F93}.Debug|ARM.ActiveCfg = Debug|Any CPU
		{DEEB068B-D5C7-4659-98D6-A345AE757F93}.Debug|ARM.Build.0 = Debug|Any CPU
		{DEEB068B-D5C7-4659-98D6-A345AE757F93}.Debug|iPhone.ActiveCfg = Debug|Any CPU
		{DEEB068B-D5C7-4659-98D6-A345AE757F93}.Debug|iPhone.Build.0 = Debug|Any CPU
		{DEEB068B-D5C7-4659-98D6-A345AE757F93}.Debug|iPhoneSimulator.ActiveCfg = Debug|Any CPU
		{DEEB068B-D5C7-4659-98D6-A345AE757F93}.Debug|iPhoneSimulator.Build.0 = Debug|Any CPU
		{DEEB068B-D5C7-4659-98D6-A345AE757F93}.Debug|x64.ActiveCfg = Debug|Any CPU
		{DEEB068B-D5C7-4659-98D6-A345AE757F93}.Debug|x64.Build.0 = Debug|Any CPU
		{DEEB068B-D5C7-4659-98D6-A345AE757F93}.Debug|x86.ActiveCfg = Debug|Any CPU
		{DEEB068B-D5C7-4659-98D6-A345AE757F93}.Debug|x86.Build.0 = Debug|Any CPU
		{DEEB068B-D5C7-4659-98D6-A345AE757F93}.Release|Any CPU.ActiveCfg = Release|Any CPU
		{DEEB068B-D5C7-4659-98D6-A345AE757F93}.Release|Any CPU.Build.0 = Release|Any CPU
		{DEEB068B-D5C7-4659-98D6-A345AE757F93}.Release|ARM.ActiveCfg = Release|Any CPU
		{DEEB068B-D5C7-4659-98D6-A345AE757F93}.Release|ARM.Build.0 = Release|Any CPU
		{DEEB068B-D5C7-4659-98D6-A345AE757F93}.Release|iPhone.ActiveCfg = Release|Any CPU
		{DEEB068B-D5C7-4659-98D6-A345AE757F93}.Release|iPhone.Build.0 = Release|Any CPU
		{DEEB068B-D5C7-4659-98D6-A345AE757F93}.Release|iPhoneSimulator.ActiveCfg = Release|Any CPU
		{DEEB068B-D5C7-4659-98D6-A345AE757F93}.Release|iPhoneSimulator.Build.0 = Release|Any CPU
		{DEEB068B-D5C7-4659-98D6-A345AE757F93}.Release|x64.ActiveCfg = Release|Any CPU
		{DEEB068B-D5C7-4659-98D6-A345AE757F93}.Release|x64.Build.0 = Release|Any CPU
		{DEEB068B-D5C7-4659-98D6-A345AE757F93}.Release|x86.ActiveCfg = Release|Any CPU
		{DEEB068B-D5C7-4659-98D6-A345AE757F93}.Release|x86.Build.0 = Release|Any CPU
		{09E4D58E-14C5-469B-BF9C-2EAE6B85FF4A}.Ad-Hoc|Any CPU.ActiveCfg = Release|Any CPU
		{09E4D58E-14C5-469B-BF9C-2EAE6B85FF4A}.Ad-Hoc|Any CPU.Build.0 = Release|Any CPU
		{09E4D58E-14C5-469B-BF9C-2EAE6B85FF4A}.Ad-Hoc|ARM.ActiveCfg = Release|Any CPU
		{09E4D58E-14C5-469B-BF9C-2EAE6B85FF4A}.Ad-Hoc|ARM.Build.0 = Release|Any CPU
		{09E4D58E-14C5-469B-BF9C-2EAE6B85FF4A}.Ad-Hoc|iPhone.ActiveCfg = Release|Any CPU
		{09E4D58E-14C5-469B-BF9C-2EAE6B85FF4A}.Ad-Hoc|iPhone.Build.0 = Release|Any CPU
		{09E4D58E-14C5-469B-BF9C-2EAE6B85FF4A}.Ad-Hoc|iPhoneSimulator.ActiveCfg = Release|Any CPU
		{09E4D58E-14C5-469B-BF9C-2EAE6B85FF4A}.Ad-Hoc|iPhoneSimulator.Build.0 = Release|Any CPU
		{09E4D58E-14C5-469B-BF9C-2EAE6B85FF4A}.Ad-Hoc|x64.ActiveCfg = Release|Any CPU
		{09E4D58E-14C5-469B-BF9C-2EAE6B85FF4A}.Ad-Hoc|x64.Build.0 = Release|Any CPU
		{09E4D58E-14C5-469B-BF9C-2EAE6B85FF4A}.Ad-Hoc|x86.ActiveCfg = Release|Any CPU
		{09E4D58E-14C5-469B-BF9C-2EAE6B85FF4A}.Ad-Hoc|x86.Build.0 = Release|Any CPU
		{09E4D58E-14C5-469B-BF9C-2EAE6B85FF4A}.AppStore|Any CPU.ActiveCfg = Release|Any CPU
		{09E4D58E-14C5-469B-BF9C-2EAE6B85FF4A}.AppStore|Any CPU.Build.0 = Release|Any CPU
		{09E4D58E-14C5-469B-BF9C-2EAE6B85FF4A}.AppStore|ARM.ActiveCfg = Release|Any CPU
		{09E4D58E-14C5-469B-BF9C-2EAE6B85FF4A}.AppStore|ARM.Build.0 = Release|Any CPU
		{09E4D58E-14C5-469B-BF9C-2EAE6B85FF4A}.AppStore|iPhone.ActiveCfg = Release|Any CPU
		{09E4D58E-14C5-469B-BF9C-2EAE6B85FF4A}.AppStore|iPhone.Build.0 = Release|Any CPU
		{09E4D58E-14C5-469B-BF9C-2EAE6B85FF4A}.AppStore|iPhoneSimulator.ActiveCfg = Release|Any CPU
		{09E4D58E-14C5-469B-BF9C-2EAE6B85FF4A}.AppStore|iPhoneSimulator.Build.0 = Release|Any CPU
		{09E4D58E-14C5-469B-BF9C-2EAE6B85FF4A}.AppStore|x64.ActiveCfg = Release|Any CPU
		{09E4D58E-14C5-469B-BF9C-2EAE6B85FF4A}.AppStore|x64.Build.0 = Release|Any CPU
		{09E4D58E-14C5-469B-BF9C-2EAE6B85FF4A}.AppStore|x86.ActiveCfg = Release|Any CPU
		{09E4D58E-14C5-469B-BF9C-2EAE6B85FF4A}.AppStore|x86.Build.0 = Release|Any CPU
		{09E4D58E-14C5-469B-BF9C-2EAE6B85FF4A}.Debug|Any CPU.ActiveCfg = Debug|Any CPU
		{09E4D58E-14C5-469B-BF9C-2EAE6B85FF4A}.Debug|Any CPU.Build.0 = Debug|Any CPU
		{09E4D58E-14C5-469B-BF9C-2EAE6B85FF4A}.Debug|ARM.ActiveCfg = Debug|Any CPU
		{09E4D58E-14C5-469B-BF9C-2EAE6B85FF4A}.Debug|ARM.Build.0 = Debug|Any CPU
		{09E4D58E-14C5-469B-BF9C-2EAE6B85FF4A}.Debug|iPhone.ActiveCfg = Debug|Any CPU
		{09E4D58E-14C5-469B-BF9C-2EAE6B85FF4A}.Debug|iPhone.Build.0 = Debug|Any CPU
		{09E4D58E-14C5-469B-BF9C-2EAE6B85FF4A}.Debug|iPhoneSimulator.ActiveCfg = Debug|Any CPU
		{09E4D58E-14C5-469B-BF9C-2EAE6B85FF4A}.Debug|iPhoneSimulator.Build.0 = Debug|Any CPU
		{09E4D58E-14C5-469B-BF9C-2EAE6B85FF4A}.Debug|x64.ActiveCfg = Debug|Any CPU
		{09E4D58E-14C5-469B-BF9C-2EAE6B85FF4A}.Debug|x64.Build.0 = Debug|Any CPU
		{09E4D58E-14C5-469B-BF9C-2EAE6B85FF4A}.Debug|x86.ActiveCfg = Debug|Any CPU
		{09E4D58E-14C5-469B-BF9C-2EAE6B85FF4A}.Debug|x86.Build.0 = Debug|Any CPU
		{09E4D58E-14C5-469B-BF9C-2EAE6B85FF4A}.Release|Any CPU.ActiveCfg = Release|Any CPU
		{09E4D58E-14C5-469B-BF9C-2EAE6B85FF4A}.Release|Any CPU.Build.0 = Release|Any CPU
		{09E4D58E-14C5-469B-BF9C-2EAE6B85FF4A}.Release|ARM.ActiveCfg = Release|Any CPU
		{09E4D58E-14C5-469B-BF9C-2EAE6B85FF4A}.Release|ARM.Build.0 = Release|Any CPU
		{09E4D58E-14C5-469B-BF9C-2EAE6B85FF4A}.Release|iPhone.ActiveCfg = Release|Any CPU
		{09E4D58E-14C5-469B-BF9C-2EAE6B85FF4A}.Release|iPhone.Build.0 = Release|Any CPU
		{09E4D58E-14C5-469B-BF9C-2EAE6B85FF4A}.Release|iPhoneSimulator.ActiveCfg = Release|Any CPU
		{09E4D58E-14C5-469B-BF9C-2EAE6B85FF4A}.Release|iPhoneSimulator.Build.0 = Release|Any CPU
		{09E4D58E-14C5-469B-BF9C-2EAE6B85FF4A}.Release|x64.ActiveCfg = Release|Any CPU
		{09E4D58E-14C5-469B-BF9C-2EAE6B85FF4A}.Release|x64.Build.0 = Release|Any CPU
		{09E4D58E-14C5-469B-BF9C-2EAE6B85FF4A}.Release|x86.ActiveCfg = Release|Any CPU
		{09E4D58E-14C5-469B-BF9C-2EAE6B85FF4A}.Release|x86.Build.0 = Release|Any CPU
		{8CD568C6-0C07-4B21-9291-51FB39D94269}.Ad-Hoc|Any CPU.ActiveCfg = Release|Any CPU
		{8CD568C6-0C07-4B21-9291-51FB39D94269}.Ad-Hoc|Any CPU.Build.0 = Release|Any CPU
		{8CD568C6-0C07-4B21-9291-51FB39D94269}.Ad-Hoc|Any CPU.Deploy.0 = Release|Any CPU
		{8CD568C6-0C07-4B21-9291-51FB39D94269}.Ad-Hoc|ARM.ActiveCfg = Release|Any CPU
		{8CD568C6-0C07-4B21-9291-51FB39D94269}.Ad-Hoc|ARM.Build.0 = Release|Any CPU
		{8CD568C6-0C07-4B21-9291-51FB39D94269}.Ad-Hoc|ARM.Deploy.0 = Release|Any CPU
		{8CD568C6-0C07-4B21-9291-51FB39D94269}.Ad-Hoc|iPhone.ActiveCfg = Release|Any CPU
		{8CD568C6-0C07-4B21-9291-51FB39D94269}.Ad-Hoc|iPhone.Build.0 = Release|Any CPU
		{8CD568C6-0C07-4B21-9291-51FB39D94269}.Ad-Hoc|iPhone.Deploy.0 = Release|Any CPU
		{8CD568C6-0C07-4B21-9291-51FB39D94269}.Ad-Hoc|iPhoneSimulator.ActiveCfg = Release|Any CPU
		{8CD568C6-0C07-4B21-9291-51FB39D94269}.Ad-Hoc|iPhoneSimulator.Build.0 = Release|Any CPU
		{8CD568C6-0C07-4B21-9291-51FB39D94269}.Ad-Hoc|iPhoneSimulator.Deploy.0 = Release|Any CPU
		{8CD568C6-0C07-4B21-9291-51FB39D94269}.Ad-Hoc|x64.ActiveCfg = Release|Any CPU
		{8CD568C6-0C07-4B21-9291-51FB39D94269}.Ad-Hoc|x64.Build.0 = Release|Any CPU
		{8CD568C6-0C07-4B21-9291-51FB39D94269}.Ad-Hoc|x64.Deploy.0 = Release|Any CPU
		{8CD568C6-0C07-4B21-9291-51FB39D94269}.Ad-Hoc|x86.ActiveCfg = Release|Any CPU
		{8CD568C6-0C07-4B21-9291-51FB39D94269}.Ad-Hoc|x86.Build.0 = Release|Any CPU
		{8CD568C6-0C07-4B21-9291-51FB39D94269}.Ad-Hoc|x86.Deploy.0 = Release|Any CPU
		{8CD568C6-0C07-4B21-9291-51FB39D94269}.AppStore|Any CPU.ActiveCfg = Release|Any CPU
		{8CD568C6-0C07-4B21-9291-51FB39D94269}.AppStore|Any CPU.Build.0 = Release|Any CPU
		{8CD568C6-0C07-4B21-9291-51FB39D94269}.AppStore|Any CPU.Deploy.0 = Release|Any CPU
		{8CD568C6-0C07-4B21-9291-51FB39D94269}.AppStore|ARM.ActiveCfg = Release|Any CPU
		{8CD568C6-0C07-4B21-9291-51FB39D94269}.AppStore|ARM.Build.0 = Release|Any CPU
		{8CD568C6-0C07-4B21-9291-51FB39D94269}.AppStore|ARM.Deploy.0 = Release|Any CPU
		{8CD568C6-0C07-4B21-9291-51FB39D94269}.AppStore|iPhone.ActiveCfg = Release|Any CPU
		{8CD568C6-0C07-4B21-9291-51FB39D94269}.AppStore|iPhone.Build.0 = Release|Any CPU
		{8CD568C6-0C07-4B21-9291-51FB39D94269}.AppStore|iPhone.Deploy.0 = Release|Any CPU
		{8CD568C6-0C07-4B21-9291-51FB39D94269}.AppStore|iPhoneSimulator.ActiveCfg = Release|Any CPU
		{8CD568C6-0C07-4B21-9291-51FB39D94269}.AppStore|iPhoneSimulator.Build.0 = Release|Any CPU
		{8CD568C6-0C07-4B21-9291-51FB39D94269}.AppStore|iPhoneSimulator.Deploy.0 = Release|Any CPU
		{8CD568C6-0C07-4B21-9291-51FB39D94269}.AppStore|x64.ActiveCfg = Release|Any CPU
		{8CD568C6-0C07-4B21-9291-51FB39D94269}.AppStore|x64.Build.0 = Release|Any CPU
		{8CD568C6-0C07-4B21-9291-51FB39D94269}.AppStore|x64.Deploy.0 = Release|Any CPU
		{8CD568C6-0C07-4B21-9291-51FB39D94269}.AppStore|x86.ActiveCfg = Release|Any CPU
		{8CD568C6-0C07-4B21-9291-51FB39D94269}.AppStore|x86.Build.0 = Release|Any CPU
		{8CD568C6-0C07-4B21-9291-51FB39D94269}.AppStore|x86.Deploy.0 = Release|Any CPU
		{8CD568C6-0C07-4B21-9291-51FB39D94269}.Debug|Any CPU.ActiveCfg = Debug|Any CPU
		{8CD568C6-0C07-4B21-9291-51FB39D94269}.Debug|Any CPU.Build.0 = Debug|Any CPU
		{8CD568C6-0C07-4B21-9291-51FB39D94269}.Debug|Any CPU.Deploy.0 = Debug|Any CPU
		{8CD568C6-0C07-4B21-9291-51FB39D94269}.Debug|ARM.ActiveCfg = Debug|Any CPU
		{8CD568C6-0C07-4B21-9291-51FB39D94269}.Debug|ARM.Build.0 = Debug|Any CPU
		{8CD568C6-0C07-4B21-9291-51FB39D94269}.Debug|ARM.Deploy.0 = Debug|Any CPU
		{8CD568C6-0C07-4B21-9291-51FB39D94269}.Debug|iPhone.ActiveCfg = Debug|Any CPU
		{8CD568C6-0C07-4B21-9291-51FB39D94269}.Debug|iPhone.Build.0 = Debug|Any CPU
		{8CD568C6-0C07-4B21-9291-51FB39D94269}.Debug|iPhone.Deploy.0 = Debug|Any CPU
		{8CD568C6-0C07-4B21-9291-51FB39D94269}.Debug|iPhoneSimulator.ActiveCfg = Debug|Any CPU
		{8CD568C6-0C07-4B21-9291-51FB39D94269}.Debug|iPhoneSimulator.Build.0 = Debug|Any CPU
		{8CD568C6-0C07-4B21-9291-51FB39D94269}.Debug|iPhoneSimulator.Deploy.0 = Debug|Any CPU
		{8CD568C6-0C07-4B21-9291-51FB39D94269}.Debug|x64.ActiveCfg = Debug|Any CPU
		{8CD568C6-0C07-4B21-9291-51FB39D94269}.Debug|x64.Build.0 = Debug|Any CPU
		{8CD568C6-0C07-4B21-9291-51FB39D94269}.Debug|x64.Deploy.0 = Debug|Any CPU
		{8CD568C6-0C07-4B21-9291-51FB39D94269}.Debug|x86.ActiveCfg = Debug|Any CPU
		{8CD568C6-0C07-4B21-9291-51FB39D94269}.Debug|x86.Build.0 = Debug|Any CPU
		{8CD568C6-0C07-4B21-9291-51FB39D94269}.Debug|x86.Deploy.0 = Debug|Any CPU
		{8CD568C6-0C07-4B21-9291-51FB39D94269}.Release|Any CPU.ActiveCfg = Release|Any CPU
		{8CD568C6-0C07-4B21-9291-51FB39D94269}.Release|Any CPU.Build.0 = Release|Any CPU
		{8CD568C6-0C07-4B21-9291-51FB39D94269}.Release|Any CPU.Deploy.0 = Release|Any CPU
		{8CD568C6-0C07-4B21-9291-51FB39D94269}.Release|ARM.ActiveCfg = Release|Any CPU
		{8CD568C6-0C07-4B21-9291-51FB39D94269}.Release|ARM.Build.0 = Release|Any CPU
		{8CD568C6-0C07-4B21-9291-51FB39D94269}.Release|ARM.Deploy.0 = Release|Any CPU
		{8CD568C6-0C07-4B21-9291-51FB39D94269}.Release|iPhone.ActiveCfg = Release|Any CPU
		{8CD568C6-0C07-4B21-9291-51FB39D94269}.Release|iPhone.Build.0 = Release|Any CPU
		{8CD568C6-0C07-4B21-9291-51FB39D94269}.Release|iPhone.Deploy.0 = Release|Any CPU
		{8CD568C6-0C07-4B21-9291-51FB39D94269}.Release|iPhoneSimulator.ActiveCfg = Release|Any CPU
		{8CD568C6-0C07-4B21-9291-51FB39D94269}.Release|iPhoneSimulator.Build.0 = Release|Any CPU
		{8CD568C6-0C07-4B21-9291-51FB39D94269}.Release|iPhoneSimulator.Deploy.0 = Release|Any CPU
		{8CD568C6-0C07-4B21-9291-51FB39D94269}.Release|x64.ActiveCfg = Release|Any CPU
		{8CD568C6-0C07-4B21-9291-51FB39D94269}.Release|x64.Build.0 = Release|Any CPU
		{8CD568C6-0C07-4B21-9291-51FB39D94269}.Release|x64.Deploy.0 = Release|Any CPU
		{8CD568C6-0C07-4B21-9291-51FB39D94269}.Release|x86.ActiveCfg = Release|Any CPU
		{8CD568C6-0C07-4B21-9291-51FB39D94269}.Release|x86.Build.0 = Release|Any CPU
		{8CD568C6-0C07-4B21-9291-51FB39D94269}.Release|x86.Deploy.0 = Release|Any CPU
		{2416E1E7-08F1-4312-A962-A767964ED22F}.Ad-Hoc|Any CPU.ActiveCfg = Ad-Hoc|iPhone
		{2416E1E7-08F1-4312-A962-A767964ED22F}.Ad-Hoc|ARM.ActiveCfg = Ad-Hoc|iPhone
		{2416E1E7-08F1-4312-A962-A767964ED22F}.Ad-Hoc|iPhone.ActiveCfg = Ad-Hoc|iPhone
		{2416E1E7-08F1-4312-A962-A767964ED22F}.Ad-Hoc|iPhone.Build.0 = Ad-Hoc|iPhone
		{2416E1E7-08F1-4312-A962-A767964ED22F}.Ad-Hoc|iPhoneSimulator.ActiveCfg = Ad-Hoc|iPhoneSimulator
		{2416E1E7-08F1-4312-A962-A767964ED22F}.Ad-Hoc|iPhoneSimulator.Build.0 = Ad-Hoc|iPhoneSimulator
		{2416E1E7-08F1-4312-A962-A767964ED22F}.Ad-Hoc|x64.ActiveCfg = Ad-Hoc|iPhone
		{2416E1E7-08F1-4312-A962-A767964ED22F}.Ad-Hoc|x86.ActiveCfg = Ad-Hoc|iPhone
		{2416E1E7-08F1-4312-A962-A767964ED22F}.AppStore|Any CPU.ActiveCfg = AppStore|iPhone
		{2416E1E7-08F1-4312-A962-A767964ED22F}.AppStore|ARM.ActiveCfg = AppStore|iPhone
		{2416E1E7-08F1-4312-A962-A767964ED22F}.AppStore|iPhone.ActiveCfg = AppStore|iPhone
		{2416E1E7-08F1-4312-A962-A767964ED22F}.AppStore|iPhone.Build.0 = AppStore|iPhone
		{2416E1E7-08F1-4312-A962-A767964ED22F}.AppStore|iPhoneSimulator.ActiveCfg = AppStore|iPhoneSimulator
		{2416E1E7-08F1-4312-A962-A767964ED22F}.AppStore|iPhoneSimulator.Build.0 = AppStore|iPhoneSimulator
		{2416E1E7-08F1-4312-A962-A767964ED22F}.AppStore|x64.ActiveCfg = AppStore|iPhone
		{2416E1E7-08F1-4312-A962-A767964ED22F}.AppStore|x86.ActiveCfg = AppStore|iPhone
		{2416E1E7-08F1-4312-A962-A767964ED22F}.Debug|Any CPU.ActiveCfg = Debug|iPhone
		{2416E1E7-08F1-4312-A962-A767964ED22F}.Debug|ARM.ActiveCfg = Debug|iPhone
		{2416E1E7-08F1-4312-A962-A767964ED22F}.Debug|iPhone.ActiveCfg = Debug|iPhone
		{2416E1E7-08F1-4312-A962-A767964ED22F}.Debug|iPhone.Build.0 = Debug|iPhone
		{2416E1E7-08F1-4312-A962-A767964ED22F}.Debug|iPhoneSimulator.ActiveCfg = Debug|iPhoneSimulator
		{2416E1E7-08F1-4312-A962-A767964ED22F}.Debug|iPhoneSimulator.Build.0 = Debug|iPhoneSimulator
		{2416E1E7-08F1-4312-A962-A767964ED22F}.Debug|x64.ActiveCfg = Debug|iPhone
		{2416E1E7-08F1-4312-A962-A767964ED22F}.Debug|x86.ActiveCfg = Debug|iPhone
		{2416E1E7-08F1-4312-A962-A767964ED22F}.Release|Any CPU.ActiveCfg = Release|iPhone
		{2416E1E7-08F1-4312-A962-A767964ED22F}.Release|ARM.ActiveCfg = Release|iPhone
		{2416E1E7-08F1-4312-A962-A767964ED22F}.Release|iPhone.ActiveCfg = Release|iPhone
		{2416E1E7-08F1-4312-A962-A767964ED22F}.Release|iPhone.Build.0 = Release|iPhone
		{2416E1E7-08F1-4312-A962-A767964ED22F}.Release|iPhoneSimulator.ActiveCfg = Release|iPhoneSimulator
		{2416E1E7-08F1-4312-A962-A767964ED22F}.Release|iPhoneSimulator.Build.0 = Release|iPhoneSimulator
		{2416E1E7-08F1-4312-A962-A767964ED22F}.Release|x64.ActiveCfg = Release|iPhone
		{2416E1E7-08F1-4312-A962-A767964ED22F}.Release|x86.ActiveCfg = Release|iPhone
		{6F7A70AF-1FB6-4280-BD34-0E500F3B06AC}.Ad-Hoc|Any CPU.ActiveCfg = Release|Any CPU
		{6F7A70AF-1FB6-4280-BD34-0E500F3B06AC}.Ad-Hoc|Any CPU.Build.0 = Release|Any CPU
		{6F7A70AF-1FB6-4280-BD34-0E500F3B06AC}.Ad-Hoc|Any CPU.Deploy.0 = Release|Any CPU
		{6F7A70AF-1FB6-4280-BD34-0E500F3B06AC}.Ad-Hoc|ARM.ActiveCfg = Release|ARM
		{6F7A70AF-1FB6-4280-BD34-0E500F3B06AC}.Ad-Hoc|ARM.Build.0 = Release|ARM
		{6F7A70AF-1FB6-4280-BD34-0E500F3B06AC}.Ad-Hoc|ARM.Deploy.0 = Release|ARM
		{6F7A70AF-1FB6-4280-BD34-0E500F3B06AC}.Ad-Hoc|iPhone.ActiveCfg = Release|Any CPU
		{6F7A70AF-1FB6-4280-BD34-0E500F3B06AC}.Ad-Hoc|iPhone.Build.0 = Release|Any CPU
		{6F7A70AF-1FB6-4280-BD34-0E500F3B06AC}.Ad-Hoc|iPhone.Deploy.0 = Release|Any CPU
		{6F7A70AF-1FB6-4280-BD34-0E500F3B06AC}.Ad-Hoc|iPhoneSimulator.ActiveCfg = Release|Any CPU
		{6F7A70AF-1FB6-4280-BD34-0E500F3B06AC}.Ad-Hoc|iPhoneSimulator.Build.0 = Release|Any CPU
		{6F7A70AF-1FB6-4280-BD34-0E500F3B06AC}.Ad-Hoc|iPhoneSimulator.Deploy.0 = Release|Any CPU
		{6F7A70AF-1FB6-4280-BD34-0E500F3B06AC}.Ad-Hoc|x64.ActiveCfg = Release|Any CPU
		{6F7A70AF-1FB6-4280-BD34-0E500F3B06AC}.Ad-Hoc|x64.Build.0 = Release|Any CPU
		{6F7A70AF-1FB6-4280-BD34-0E500F3B06AC}.Ad-Hoc|x64.Deploy.0 = Release|Any CPU
		{6F7A70AF-1FB6-4280-BD34-0E500F3B06AC}.Ad-Hoc|x86.ActiveCfg = Release|x86
		{6F7A70AF-1FB6-4280-BD34-0E500F3B06AC}.Ad-Hoc|x86.Build.0 = Release|x86
		{6F7A70AF-1FB6-4280-BD34-0E500F3B06AC}.Ad-Hoc|x86.Deploy.0 = Release|x86
		{6F7A70AF-1FB6-4280-BD34-0E500F3B06AC}.AppStore|Any CPU.ActiveCfg = Release|Any CPU
		{6F7A70AF-1FB6-4280-BD34-0E500F3B06AC}.AppStore|Any CPU.Build.0 = Release|Any CPU
		{6F7A70AF-1FB6-4280-BD34-0E500F3B06AC}.AppStore|Any CPU.Deploy.0 = Release|Any CPU
		{6F7A70AF-1FB6-4280-BD34-0E500F3B06AC}.AppStore|ARM.ActiveCfg = Release|ARM
		{6F7A70AF-1FB6-4280-BD34-0E500F3B06AC}.AppStore|ARM.Build.0 = Release|ARM
		{6F7A70AF-1FB6-4280-BD34-0E500F3B06AC}.AppStore|ARM.Deploy.0 = Release|ARM
		{6F7A70AF-1FB6-4280-BD34-0E500F3B06AC}.AppStore|iPhone.ActiveCfg = Release|Any CPU
		{6F7A70AF-1FB6-4280-BD34-0E500F3B06AC}.AppStore|iPhone.Build.0 = Release|Any CPU
		{6F7A70AF-1FB6-4280-BD34-0E500F3B06AC}.AppStore|iPhone.Deploy.0 = Release|Any CPU
		{6F7A70AF-1FB6-4280-BD34-0E500F3B06AC}.AppStore|iPhoneSimulator.ActiveCfg = Release|Any CPU
		{6F7A70AF-1FB6-4280-BD34-0E500F3B06AC}.AppStore|iPhoneSimulator.Build.0 = Release|Any CPU
		{6F7A70AF-1FB6-4280-BD34-0E500F3B06AC}.AppStore|iPhoneSimulator.Deploy.0 = Release|Any CPU
		{6F7A70AF-1FB6-4280-BD34-0E500F3B06AC}.AppStore|x64.ActiveCfg = Release|Any CPU
		{6F7A70AF-1FB6-4280-BD34-0E500F3B06AC}.AppStore|x64.Build.0 = Release|Any CPU
		{6F7A70AF-1FB6-4280-BD34-0E500F3B06AC}.AppStore|x64.Deploy.0 = Release|Any CPU
		{6F7A70AF-1FB6-4280-BD34-0E500F3B06AC}.AppStore|x86.ActiveCfg = Release|x86
		{6F7A70AF-1FB6-4280-BD34-0E500F3B06AC}.AppStore|x86.Build.0 = Release|x86
		{6F7A70AF-1FB6-4280-BD34-0E500F3B06AC}.AppStore|x86.Deploy.0 = Release|x86
		{6F7A70AF-1FB6-4280-BD34-0E500F3B06AC}.Debug|Any CPU.ActiveCfg = Debug|Any CPU
		{6F7A70AF-1FB6-4280-BD34-0E500F3B06AC}.Debug|Any CPU.Build.0 = Debug|Any CPU
		{6F7A70AF-1FB6-4280-BD34-0E500F3B06AC}.Debug|Any CPU.Deploy.0 = Debug|Any CPU
		{6F7A70AF-1FB6-4280-BD34-0E500F3B06AC}.Debug|ARM.ActiveCfg = Debug|ARM
		{6F7A70AF-1FB6-4280-BD34-0E500F3B06AC}.Debug|ARM.Build.0 = Debug|ARM
		{6F7A70AF-1FB6-4280-BD34-0E500F3B06AC}.Debug|ARM.Deploy.0 = Debug|ARM
		{6F7A70AF-1FB6-4280-BD34-0E500F3B06AC}.Debug|iPhone.ActiveCfg = Debug|Any CPU
		{6F7A70AF-1FB6-4280-BD34-0E500F3B06AC}.Debug|iPhone.Build.0 = Debug|Any CPU
		{6F7A70AF-1FB6-4280-BD34-0E500F3B06AC}.Debug|iPhone.Deploy.0 = Debug|Any CPU
		{6F7A70AF-1FB6-4280-BD34-0E500F3B06AC}.Debug|iPhoneSimulator.ActiveCfg = Debug|Any CPU
		{6F7A70AF-1FB6-4280-BD34-0E500F3B06AC}.Debug|iPhoneSimulator.Build.0 = Debug|Any CPU
		{6F7A70AF-1FB6-4280-BD34-0E500F3B06AC}.Debug|iPhoneSimulator.Deploy.0 = Debug|Any CPU
		{6F7A70AF-1FB6-4280-BD34-0E500F3B06AC}.Debug|x64.ActiveCfg = Debug|Any CPU
		{6F7A70AF-1FB6-4280-BD34-0E500F3B06AC}.Debug|x64.Build.0 = Debug|Any CPU
		{6F7A70AF-1FB6-4280-BD34-0E500F3B06AC}.Debug|x64.Deploy.0 = Debug|Any CPU
		{6F7A70AF-1FB6-4280-BD34-0E500F3B06AC}.Debug|x86.ActiveCfg = Debug|x86
		{6F7A70AF-1FB6-4280-BD34-0E500F3B06AC}.Debug|x86.Build.0 = Debug|x86
		{6F7A70AF-1FB6-4280-BD34-0E500F3B06AC}.Debug|x86.Deploy.0 = Debug|x86
		{6F7A70AF-1FB6-4280-BD34-0E500F3B06AC}.Release|Any CPU.ActiveCfg = Release|Any CPU
		{6F7A70AF-1FB6-4280-BD34-0E500F3B06AC}.Release|Any CPU.Build.0 = Release|Any CPU
		{6F7A70AF-1FB6-4280-BD34-0E500F3B06AC}.Release|Any CPU.Deploy.0 = Release|Any CPU
		{6F7A70AF-1FB6-4280-BD34-0E500F3B06AC}.Release|ARM.ActiveCfg = Release|ARM
		{6F7A70AF-1FB6-4280-BD34-0E500F3B06AC}.Release|ARM.Build.0 = Release|ARM
		{6F7A70AF-1FB6-4280-BD34-0E500F3B06AC}.Release|ARM.Deploy.0 = Release|ARM
		{6F7A70AF-1FB6-4280-BD34-0E500F3B06AC}.Release|iPhone.ActiveCfg = Release|Any CPU
		{6F7A70AF-1FB6-4280-BD34-0E500F3B06AC}.Release|iPhone.Build.0 = Release|Any CPU
		{6F7A70AF-1FB6-4280-BD34-0E500F3B06AC}.Release|iPhone.Deploy.0 = Release|Any CPU
		{6F7A70AF-1FB6-4280-BD34-0E500F3B06AC}.Release|iPhoneSimulator.ActiveCfg = Release|Any CPU
		{6F7A70AF-1FB6-4280-BD34-0E500F3B06AC}.Release|iPhoneSimulator.Build.0 = Release|Any CPU
		{6F7A70AF-1FB6-4280-BD34-0E500F3B06AC}.Release|iPhoneSimulator.Deploy.0 = Release|Any CPU
		{6F7A70AF-1FB6-4280-BD34-0E500F3B06AC}.Release|x64.ActiveCfg = Release|Any CPU
		{6F7A70AF-1FB6-4280-BD34-0E500F3B06AC}.Release|x64.Build.0 = Release|Any CPU
		{6F7A70AF-1FB6-4280-BD34-0E500F3B06AC}.Release|x64.Deploy.0 = Release|Any CPU
		{6F7A70AF-1FB6-4280-BD34-0E500F3B06AC}.Release|x86.ActiveCfg = Release|x86
		{6F7A70AF-1FB6-4280-BD34-0E500F3B06AC}.Release|x86.Build.0 = Release|x86
		{6F7A70AF-1FB6-4280-BD34-0E500F3B06AC}.Release|x86.Deploy.0 = Release|x86
		{0C22D973-84D2-41DE-B4AC-ABF91F569356}.Ad-Hoc|Any CPU.ActiveCfg = Release|x86
		{0C22D973-84D2-41DE-B4AC-ABF91F569356}.Ad-Hoc|Any CPU.Build.0 = Release|x86
		{0C22D973-84D2-41DE-B4AC-ABF91F569356}.Ad-Hoc|Any CPU.Deploy.0 = Release|x86
		{0C22D973-84D2-41DE-B4AC-ABF91F569356}.Ad-Hoc|ARM.ActiveCfg = Release|ARM
		{0C22D973-84D2-41DE-B4AC-ABF91F569356}.Ad-Hoc|ARM.Build.0 = Release|ARM
		{0C22D973-84D2-41DE-B4AC-ABF91F569356}.Ad-Hoc|ARM.Deploy.0 = Release|ARM
		{0C22D973-84D2-41DE-B4AC-ABF91F569356}.Ad-Hoc|iPhone.ActiveCfg = Release|x86
		{0C22D973-84D2-41DE-B4AC-ABF91F569356}.Ad-Hoc|iPhone.Build.0 = Release|x86
		{0C22D973-84D2-41DE-B4AC-ABF91F569356}.Ad-Hoc|iPhone.Deploy.0 = Release|x86
		{0C22D973-84D2-41DE-B4AC-ABF91F569356}.Ad-Hoc|iPhoneSimulator.ActiveCfg = Release|x86
		{0C22D973-84D2-41DE-B4AC-ABF91F569356}.Ad-Hoc|iPhoneSimulator.Build.0 = Release|x86
		{0C22D973-84D2-41DE-B4AC-ABF91F569356}.Ad-Hoc|iPhoneSimulator.Deploy.0 = Release|x86
		{0C22D973-84D2-41DE-B4AC-ABF91F569356}.Ad-Hoc|x64.ActiveCfg = Release|x64
		{0C22D973-84D2-41DE-B4AC-ABF91F569356}.Ad-Hoc|x64.Build.0 = Release|x64
		{0C22D973-84D2-41DE-B4AC-ABF91F569356}.Ad-Hoc|x64.Deploy.0 = Release|x64
		{0C22D973-84D2-41DE-B4AC-ABF91F569356}.Ad-Hoc|x86.ActiveCfg = Release|x86
		{0C22D973-84D2-41DE-B4AC-ABF91F569356}.Ad-Hoc|x86.Build.0 = Release|x86
		{0C22D973-84D2-41DE-B4AC-ABF91F569356}.Ad-Hoc|x86.Deploy.0 = Release|x86
		{0C22D973-84D2-41DE-B4AC-ABF91F569356}.AppStore|Any CPU.ActiveCfg = Release|x86
		{0C22D973-84D2-41DE-B4AC-ABF91F569356}.AppStore|Any CPU.Build.0 = Release|x86
		{0C22D973-84D2-41DE-B4AC-ABF91F569356}.AppStore|Any CPU.Deploy.0 = Release|x86
		{0C22D973-84D2-41DE-B4AC-ABF91F569356}.AppStore|ARM.ActiveCfg = Release|ARM
		{0C22D973-84D2-41DE-B4AC-ABF91F569356}.AppStore|ARM.Build.0 = Release|ARM
		{0C22D973-84D2-41DE-B4AC-ABF91F569356}.AppStore|ARM.Deploy.0 = Release|ARM
		{0C22D973-84D2-41DE-B4AC-ABF91F569356}.AppStore|iPhone.ActiveCfg = Release|x86
		{0C22D973-84D2-41DE-B4AC-ABF91F569356}.AppStore|iPhone.Build.0 = Release|x86
		{0C22D973-84D2-41DE-B4AC-ABF91F569356}.AppStore|iPhone.Deploy.0 = Release|x86
		{0C22D973-84D2-41DE-B4AC-ABF91F569356}.AppStore|iPhoneSimulator.ActiveCfg = Release|x86
		{0C22D973-84D2-41DE-B4AC-ABF91F569356}.AppStore|iPhoneSimulator.Build.0 = Release|x86
		{0C22D973-84D2-41DE-B4AC-ABF91F569356}.AppStore|iPhoneSimulator.Deploy.0 = Release|x86
		{0C22D973-84D2-41DE-B4AC-ABF91F569356}.AppStore|x64.ActiveCfg = Release|x64
		{0C22D973-84D2-41DE-B4AC-ABF91F569356}.AppStore|x64.Build.0 = Release|x64
		{0C22D973-84D2-41DE-B4AC-ABF91F569356}.AppStore|x64.Deploy.0 = Release|x64
		{0C22D973-84D2-41DE-B4AC-ABF91F569356}.AppStore|x86.ActiveCfg = Release|x86
		{0C22D973-84D2-41DE-B4AC-ABF91F569356}.AppStore|x86.Build.0 = Release|x86
		{0C22D973-84D2-41DE-B4AC-ABF91F569356}.AppStore|x86.Deploy.0 = Release|x86
		{0C22D973-84D2-41DE-B4AC-ABF91F569356}.Debug|Any CPU.ActiveCfg = Debug|x86
		{0C22D973-84D2-41DE-B4AC-ABF91F569356}.Debug|ARM.ActiveCfg = Debug|ARM
		{0C22D973-84D2-41DE-B4AC-ABF91F569356}.Debug|ARM.Build.0 = Debug|ARM
		{0C22D973-84D2-41DE-B4AC-ABF91F569356}.Debug|ARM.Deploy.0 = Debug|ARM
		{0C22D973-84D2-41DE-B4AC-ABF91F569356}.Debug|iPhone.ActiveCfg = Debug|x86
		{0C22D973-84D2-41DE-B4AC-ABF91F569356}.Debug|iPhoneSimulator.ActiveCfg = Debug|x86
		{0C22D973-84D2-41DE-B4AC-ABF91F569356}.Debug|x64.ActiveCfg = Debug|x64
		{0C22D973-84D2-41DE-B4AC-ABF91F569356}.Debug|x64.Build.0 = Debug|x64
		{0C22D973-84D2-41DE-B4AC-ABF91F569356}.Debug|x64.Deploy.0 = Debug|x64
		{0C22D973-84D2-41DE-B4AC-ABF91F569356}.Debug|x86.ActiveCfg = Debug|x86
		{0C22D973-84D2-41DE-B4AC-ABF91F569356}.Debug|x86.Build.0 = Debug|x86
		{0C22D973-84D2-41DE-B4AC-ABF91F569356}.Debug|x86.Deploy.0 = Debug|x86
		{0C22D973-84D2-41DE-B4AC-ABF91F569356}.Release|Any CPU.ActiveCfg = Release|x86
		{0C22D973-84D2-41DE-B4AC-ABF91F569356}.Release|ARM.ActiveCfg = Release|ARM
		{0C22D973-84D2-41DE-B4AC-ABF91F569356}.Release|ARM.Build.0 = Release|ARM
		{0C22D973-84D2-41DE-B4AC-ABF91F569356}.Release|ARM.Deploy.0 = Release|ARM
		{0C22D973-84D2-41DE-B4AC-ABF91F569356}.Release|iPhone.ActiveCfg = Release|x86
		{0C22D973-84D2-41DE-B4AC-ABF91F569356}.Release|iPhoneSimulator.ActiveCfg = Release|x86
		{0C22D973-84D2-41DE-B4AC-ABF91F569356}.Release|x64.ActiveCfg = Release|x64
		{0C22D973-84D2-41DE-B4AC-ABF91F569356}.Release|x64.Build.0 = Release|x64
		{0C22D973-84D2-41DE-B4AC-ABF91F569356}.Release|x64.Deploy.0 = Release|x64
		{0C22D973-84D2-41DE-B4AC-ABF91F569356}.Release|x86.ActiveCfg = Release|x86
		{0C22D973-84D2-41DE-B4AC-ABF91F569356}.Release|x86.Build.0 = Release|x86
		{0C22D973-84D2-41DE-B4AC-ABF91F569356}.Release|x86.Deploy.0 = Release|x86
		{08DA262C-7F54-4F1F-BDD4-9FD8922F81EC}.Ad-Hoc|Any CPU.ActiveCfg = Release|Any CPU
		{08DA262C-7F54-4F1F-BDD4-9FD8922F81EC}.Ad-Hoc|Any CPU.Build.0 = Release|Any CPU
		{08DA262C-7F54-4F1F-BDD4-9FD8922F81EC}.Ad-Hoc|Any CPU.Deploy.0 = Release|Any CPU
		{08DA262C-7F54-4F1F-BDD4-9FD8922F81EC}.Ad-Hoc|ARM.ActiveCfg = Release|ARM
		{08DA262C-7F54-4F1F-BDD4-9FD8922F81EC}.Ad-Hoc|ARM.Build.0 = Release|ARM
		{08DA262C-7F54-4F1F-BDD4-9FD8922F81EC}.Ad-Hoc|ARM.Deploy.0 = Release|ARM
		{08DA262C-7F54-4F1F-BDD4-9FD8922F81EC}.Ad-Hoc|iPhone.ActiveCfg = Release|Any CPU
		{08DA262C-7F54-4F1F-BDD4-9FD8922F81EC}.Ad-Hoc|iPhone.Build.0 = Release|Any CPU
		{08DA262C-7F54-4F1F-BDD4-9FD8922F81EC}.Ad-Hoc|iPhone.Deploy.0 = Release|Any CPU
		{08DA262C-7F54-4F1F-BDD4-9FD8922F81EC}.Ad-Hoc|iPhoneSimulator.ActiveCfg = Release|Any CPU
		{08DA262C-7F54-4F1F-BDD4-9FD8922F81EC}.Ad-Hoc|iPhoneSimulator.Build.0 = Release|Any CPU
		{08DA262C-7F54-4F1F-BDD4-9FD8922F81EC}.Ad-Hoc|iPhoneSimulator.Deploy.0 = Release|Any CPU
		{08DA262C-7F54-4F1F-BDD4-9FD8922F81EC}.Ad-Hoc|x64.ActiveCfg = Release|x64
		{08DA262C-7F54-4F1F-BDD4-9FD8922F81EC}.Ad-Hoc|x64.Build.0 = Release|x64
		{08DA262C-7F54-4F1F-BDD4-9FD8922F81EC}.Ad-Hoc|x64.Deploy.0 = Release|x64
		{08DA262C-7F54-4F1F-BDD4-9FD8922F81EC}.Ad-Hoc|x86.ActiveCfg = Release|x86
		{08DA262C-7F54-4F1F-BDD4-9FD8922F81EC}.Ad-Hoc|x86.Build.0 = Release|x86
		{08DA262C-7F54-4F1F-BDD4-9FD8922F81EC}.Ad-Hoc|x86.Deploy.0 = Release|x86
		{08DA262C-7F54-4F1F-BDD4-9FD8922F81EC}.AppStore|Any CPU.ActiveCfg = Release|Any CPU
		{08DA262C-7F54-4F1F-BDD4-9FD8922F81EC}.AppStore|Any CPU.Build.0 = Release|Any CPU
		{08DA262C-7F54-4F1F-BDD4-9FD8922F81EC}.AppStore|Any CPU.Deploy.0 = Release|Any CPU
		{08DA262C-7F54-4F1F-BDD4-9FD8922F81EC}.AppStore|ARM.ActiveCfg = Release|ARM
		{08DA262C-7F54-4F1F-BDD4-9FD8922F81EC}.AppStore|ARM.Build.0 = Release|ARM
		{08DA262C-7F54-4F1F-BDD4-9FD8922F81EC}.AppStore|ARM.Deploy.0 = Release|ARM
		{08DA262C-7F54-4F1F-BDD4-9FD8922F81EC}.AppStore|iPhone.ActiveCfg = Release|Any CPU
		{08DA262C-7F54-4F1F-BDD4-9FD8922F81EC}.AppStore|iPhone.Build.0 = Release|Any CPU
		{08DA262C-7F54-4F1F-BDD4-9FD8922F81EC}.AppStore|iPhone.Deploy.0 = Release|Any CPU
		{08DA262C-7F54-4F1F-BDD4-9FD8922F81EC}.AppStore|iPhoneSimulator.ActiveCfg = Release|Any CPU
		{08DA262C-7F54-4F1F-BDD4-9FD8922F81EC}.AppStore|iPhoneSimulator.Build.0 = Release|Any CPU
		{08DA262C-7F54-4F1F-BDD4-9FD8922F81EC}.AppStore|iPhoneSimulator.Deploy.0 = Release|Any CPU
		{08DA262C-7F54-4F1F-BDD4-9FD8922F81EC}.AppStore|x64.ActiveCfg = Release|x64
		{08DA262C-7F54-4F1F-BDD4-9FD8922F81EC}.AppStore|x64.Build.0 = Release|x64
		{08DA262C-7F54-4F1F-BDD4-9FD8922F81EC}.AppStore|x64.Deploy.0 = Release|x64
		{08DA262C-7F54-4F1F-BDD4-9FD8922F81EC}.AppStore|x86.ActiveCfg = Release|x86
		{08DA262C-7F54-4F1F-BDD4-9FD8922F81EC}.AppStore|x86.Build.0 = Release|x86
		{08DA262C-7F54-4F1F-BDD4-9FD8922F81EC}.AppStore|x86.Deploy.0 = Release|x86
		{08DA262C-7F54-4F1F-BDD4-9FD8922F81EC}.Debug|Any CPU.ActiveCfg = Debug|Any CPU
		{08DA262C-7F54-4F1F-BDD4-9FD8922F81EC}.Debug|Any CPU.Build.0 = Debug|Any CPU
		{08DA262C-7F54-4F1F-BDD4-9FD8922F81EC}.Debug|Any CPU.Deploy.0 = Debug|Any CPU
		{08DA262C-7F54-4F1F-BDD4-9FD8922F81EC}.Debug|ARM.ActiveCfg = Debug|ARM
		{08DA262C-7F54-4F1F-BDD4-9FD8922F81EC}.Debug|ARM.Build.0 = Debug|ARM
		{08DA262C-7F54-4F1F-BDD4-9FD8922F81EC}.Debug|ARM.Deploy.0 = Debug|ARM
		{08DA262C-7F54-4F1F-BDD4-9FD8922F81EC}.Debug|iPhone.ActiveCfg = Debug|Any CPU
		{08DA262C-7F54-4F1F-BDD4-9FD8922F81EC}.Debug|iPhone.Build.0 = Debug|Any CPU
		{08DA262C-7F54-4F1F-BDD4-9FD8922F81EC}.Debug|iPhone.Deploy.0 = Debug|Any CPU
		{08DA262C-7F54-4F1F-BDD4-9FD8922F81EC}.Debug|iPhoneSimulator.ActiveCfg = Debug|Any CPU
		{08DA262C-7F54-4F1F-BDD4-9FD8922F81EC}.Debug|iPhoneSimulator.Build.0 = Debug|Any CPU
		{08DA262C-7F54-4F1F-BDD4-9FD8922F81EC}.Debug|iPhoneSimulator.Deploy.0 = Debug|Any CPU
		{08DA262C-7F54-4F1F-BDD4-9FD8922F81EC}.Debug|x64.ActiveCfg = Debug|x64
		{08DA262C-7F54-4F1F-BDD4-9FD8922F81EC}.Debug|x64.Build.0 = Debug|x64
		{08DA262C-7F54-4F1F-BDD4-9FD8922F81EC}.Debug|x64.Deploy.0 = Debug|x64
		{08DA262C-7F54-4F1F-BDD4-9FD8922F81EC}.Debug|x86.ActiveCfg = Debug|x86
		{08DA262C-7F54-4F1F-BDD4-9FD8922F81EC}.Debug|x86.Build.0 = Debug|x86
		{08DA262C-7F54-4F1F-BDD4-9FD8922F81EC}.Debug|x86.Deploy.0 = Debug|x86
		{08DA262C-7F54-4F1F-BDD4-9FD8922F81EC}.Release|Any CPU.ActiveCfg = Release|Any CPU
		{08DA262C-7F54-4F1F-BDD4-9FD8922F81EC}.Release|Any CPU.Build.0 = Release|Any CPU
		{08DA262C-7F54-4F1F-BDD4-9FD8922F81EC}.Release|Any CPU.Deploy.0 = Release|Any CPU
		{08DA262C-7F54-4F1F-BDD4-9FD8922F81EC}.Release|ARM.ActiveCfg = Release|ARM
		{08DA262C-7F54-4F1F-BDD4-9FD8922F81EC}.Release|ARM.Build.0 = Release|ARM
		{08DA262C-7F54-4F1F-BDD4-9FD8922F81EC}.Release|ARM.Deploy.0 = Release|ARM
		{08DA262C-7F54-4F1F-BDD4-9FD8922F81EC}.Release|iPhone.ActiveCfg = Release|Any CPU
		{08DA262C-7F54-4F1F-BDD4-9FD8922F81EC}.Release|iPhone.Build.0 = Release|Any CPU
		{08DA262C-7F54-4F1F-BDD4-9FD8922F81EC}.Release|iPhone.Deploy.0 = Release|Any CPU
		{08DA262C-7F54-4F1F-BDD4-9FD8922F81EC}.Release|iPhoneSimulator.ActiveCfg = Release|Any CPU
		{08DA262C-7F54-4F1F-BDD4-9FD8922F81EC}.Release|iPhoneSimulator.Build.0 = Release|Any CPU
		{08DA262C-7F54-4F1F-BDD4-9FD8922F81EC}.Release|iPhoneSimulator.Deploy.0 = Release|Any CPU
		{08DA262C-7F54-4F1F-BDD4-9FD8922F81EC}.Release|x64.ActiveCfg = Release|x64
		{08DA262C-7F54-4F1F-BDD4-9FD8922F81EC}.Release|x64.Build.0 = Release|x64
		{08DA262C-7F54-4F1F-BDD4-9FD8922F81EC}.Release|x64.Deploy.0 = Release|x64
		{08DA262C-7F54-4F1F-BDD4-9FD8922F81EC}.Release|x86.ActiveCfg = Release|x86
		{08DA262C-7F54-4F1F-BDD4-9FD8922F81EC}.Release|x86.Build.0 = Release|x86
		{08DA262C-7F54-4F1F-BDD4-9FD8922F81EC}.Release|x86.Deploy.0 = Release|x86
	EndGlobalSection
	GlobalSection(SolutionProperties) = preSolution
		HideSolutionNode = FALSE
	EndGlobalSection
	GlobalSection(NestedProjects) = preSolution
		{9BB339BF-AC6F-4ECA-9338-D7379FC57849} = {F888FDA1-6E3C-46AB-9632-C1C5701D4922}
		{2A48464B-6AA9-43CF-B995-995C2897F607} = {F888FDA1-6E3C-46AB-9632-C1C5701D4922}
		{96731F0A-E82D-4EC8-A4DE-9D6614F22460} = {2A48464B-6AA9-43CF-B995-995C2897F607}
		{548F6D68-77BE-4CCD-8484-BE7D100A7868} = {9BB339BF-AC6F-4ECA-9338-D7379FC57849}
		{13622107-2179-4B11-A69D-F6C2B2ADEF91} = {DACB327C-4945-4748-88ED-701108854AE6}
		{DA63A80B-0AFE-40FA-87BB-A194D935441A} = {DACB327C-4945-4748-88ED-701108854AE6}
		{13E41BDC-6ED8-43BF-9608-A363A1CB3244} = {DACB327C-4945-4748-88ED-701108854AE6}
		{EBAE7BDE-BDEE-4D41-81CB-722F030A6060} = {DACB327C-4945-4748-88ED-701108854AE6}
		{358A1FBA-9410-4175-B8BE-32DA2462DD4E} = {13622107-2179-4B11-A69D-F6C2B2ADEF91}
		{0499C82C-15F6-4448-8575-19C6758011E6} = {13E41BDC-6ED8-43BF-9608-A363A1CB3244}
		{6A5CB93D-AB85-4F5A-86D8-F1AE28CC0FA0} = {13E41BDC-6ED8-43BF-9608-A363A1CB3244}
		{DEEB068B-D5C7-4659-98D6-A345AE757F93} = {DA63A80B-0AFE-40FA-87BB-A194D935441A}
		{09E4D58E-14C5-469B-BF9C-2EAE6B85FF4A} = {EBAE7BDE-BDEE-4D41-81CB-722F030A6060}
		{8CD568C6-0C07-4B21-9291-51FB39D94269} = {EBAE7BDE-BDEE-4D41-81CB-722F030A6060}
		{2416E1E7-08F1-4312-A962-A767964ED22F} = {EBAE7BDE-BDEE-4D41-81CB-722F030A6060}
		{6F7A70AF-1FB6-4280-BD34-0E500F3B06AC} = {EBAE7BDE-BDEE-4D41-81CB-722F030A6060}
		{0C22D973-84D2-41DE-B4AC-ABF91F569356} = {EBAE7BDE-BDEE-4D41-81CB-722F030A6060}
		{08DA262C-7F54-4F1F-BDD4-9FD8922F81EC} = {EBAE7BDE-BDEE-4D41-81CB-722F030A6060}
	EndGlobalSection
EndGlobal
